// !$*UTF8*$!
{
	archiveVersion = 1;
	classes = {
	};
	objectVersion = 56;
	objects = {

/* Begin PBXBuildFile section */
		3619DF1B29F8214B00D08641 /* AppDelegate.swift in Sources */ = {isa = PBXBuildFile; fileRef = 3619DF1A29F8214B00D08641 /* AppDelegate.swift */; };
		3619DF1D29F8214B00D08641 /* SceneDelegate.swift in Sources */ = {isa = PBXBuildFile; fileRef = 3619DF1C29F8214B00D08641 /* SceneDelegate.swift */; };
		3619DF1F29F8214B00D08641 /* WelcomeViewController.swift in Sources */ = {isa = PBXBuildFile; fileRef = 3619DF1E29F8214B00D08641 /* WelcomeViewController.swift */; };
		3619DF2429F8214C00D08641 /* Assets.xcassets in Resources */ = {isa = PBXBuildFile; fileRef = 3619DF2329F8214C00D08641 /* Assets.xcassets */; };
		3619DF2729F8214C00D08641 /* LaunchScreen.storyboard in Resources */ = {isa = PBXBuildFile; fileRef = 3619DF2529F8214C00D08641 /* LaunchScreen.storyboard */; };
		3619DF2F29F98E1A00D08641 /* WelcomeView.swift in Sources */ = {isa = PBXBuildFile; fileRef = 3619DF2E29F98E1A00D08641 /* WelcomeView.swift */; };
		3619DF3229F98E8F00D08641 /* WelcomeCoordinator.swift in Sources */ = {isa = PBXBuildFile; fileRef = 3619DF3129F98E8F00D08641 /* WelcomeCoordinator.swift */; };
		3619DF3729F98EFD00D08641 /* WelcomeFactory.swift in Sources */ = {isa = PBXBuildFile; fileRef = 3619DF3629F98EFD00D08641 /* WelcomeFactory.swift */; };
		3619DF3A29F98F5B00D08641 /* WelcomeViewModel.swift in Sources */ = {isa = PBXBuildFile; fileRef = 3619DF3929F98F5B00D08641 /* WelcomeViewModel.swift */; };
		3619DF3E29F9960200D08641 /* CustomButton.swift in Sources */ = {isa = PBXBuildFile; fileRef = 3619DF3D29F9960200D08641 /* CustomButton.swift */; };
		3619DF4129F9962A00D08641 /* View.swift in Sources */ = {isa = PBXBuildFile; fileRef = 3619DF4029F9962A00D08641 /* View.swift */; };
		3619DF4329F99FB200D08641 /* Colors.swift in Sources */ = {isa = PBXBuildFile; fileRef = 3619DF4229F99FB200D08641 /* Colors.swift */; };
		3619DF4529F9A82300D08641 /* StackView.swift in Sources */ = {isa = PBXBuildFile; fileRef = 3619DF4429F9A82300D08641 /* StackView.swift */; };
		3619DF4A29F9D7A500D08641 /* HomeViewController.swift in Sources */ = {isa = PBXBuildFile; fileRef = 3619DF4929F9D7A500D08641 /* HomeViewController.swift */; };
		3619DF4C29F9D81000D08641 /* ProfileViewController.swift in Sources */ = {isa = PBXBuildFile; fileRef = 3619DF4B29F9D81000D08641 /* ProfileViewController.swift */; };
		3619DF4E29F9D83A00D08641 /* LikedViewController.swift in Sources */ = {isa = PBXBuildFile; fileRef = 3619DF4D29F9D83A00D08641 /* LikedViewController.swift */; };
		3619DF5029F9D86B00D08641 /* SettingsViewController.swift in Sources */ = {isa = PBXBuildFile; fileRef = 3619DF4F29F9D86B00D08641 /* SettingsViewController.swift */; };
		3619DF5229FAC16E00D08641 /* GoogleService-Info.plist in Resources */ = {isa = PBXBuildFile; fileRef = 3619DF5129FAC16E00D08641 /* GoogleService-Info.plist */; };
		3619DF5829FACD8200D08641 /* EntryCoordinator.swift in Sources */ = {isa = PBXBuildFile; fileRef = 3619DF5729FACD8200D08641 /* EntryCoordinator.swift */; };
		3619DF5B29FACF0D00D08641 /* EntryView.swift in Sources */ = {isa = PBXBuildFile; fileRef = 3619DF5A29FACF0D00D08641 /* EntryView.swift */; };
		3619DF5D29FACF2400D08641 /* EntryViewController.swift in Sources */ = {isa = PBXBuildFile; fileRef = 3619DF5C29FACF2400D08641 /* EntryViewController.swift */; };
		3619DF5F29FACF4900D08641 /* EntryViewModel.swift in Sources */ = {isa = PBXBuildFile; fileRef = 3619DF5E29FACF4900D08641 /* EntryViewModel.swift */; };
		3619DF6129FACF5E00D08641 /* EntryFactory.swift in Sources */ = {isa = PBXBuildFile; fileRef = 3619DF6029FACF5E00D08641 /* EntryFactory.swift */; };
		3619DF6829FAFB5A00D08641 /* Localizable.strings in Resources */ = {isa = PBXBuildFile; fileRef = 3619DF6A29FAFB5A00D08641 /* Localizable.strings */; };
		3619DF6D29FBE28A00D08641 /* ManifestoViewController.swift in Sources */ = {isa = PBXBuildFile; fileRef = 3619DF6C29FBE28A00D08641 /* ManifestoViewController.swift */; };
		3619DF7529FBFFB500D08641 /* LikedView.swift in Sources */ = {isa = PBXBuildFile; fileRef = 3619DF7429FBFFB500D08641 /* LikedView.swift */; };
		3619DF7729FC484200D08641 /* ProfileView.swift in Sources */ = {isa = PBXBuildFile; fileRef = 3619DF7629FC484200D08641 /* ProfileView.swift */; };
		3619DF7A29FD5D1C00D08641 /* CustomTextField.swift in Sources */ = {isa = PBXBuildFile; fileRef = 3619DF7929FD5D1C00D08641 /* CustomTextField.swift */; };
		3619DF7C29FD654200D08641 /* TabBarCoordinator.swift in Sources */ = {isa = PBXBuildFile; fileRef = 3619DF7B29FD654200D08641 /* TabBarCoordinator.swift */; };
		3619DF7E29FD66BB00D08641 /* HomeCoordinator.swift in Sources */ = {isa = PBXBuildFile; fileRef = 3619DF7D29FD66BB00D08641 /* HomeCoordinator.swift */; };
		3619DF8029FD673000D08641 /* HomeFactory.swift in Sources */ = {isa = PBXBuildFile; fileRef = 3619DF7F29FD673000D08641 /* HomeFactory.swift */; };
		3619DF8629FD682400D08641 /* HomeView.swift in Sources */ = {isa = PBXBuildFile; fileRef = 3619DF8529FD682400D08641 /* HomeView.swift */; };
		3619DF8929FD686000D08641 /* HomeViewModel.swift in Sources */ = {isa = PBXBuildFile; fileRef = 3619DF8829FD686000D08641 /* HomeViewModel.swift */; };
		3619DF8B29FD731A00D08641 /* LikedCoordinator.swift in Sources */ = {isa = PBXBuildFile; fileRef = 3619DF8A29FD731A00D08641 /* LikedCoordinator.swift */; };
		3619DF8D29FD733200D08641 /* LikedFactory.swift in Sources */ = {isa = PBXBuildFile; fileRef = 3619DF8C29FD733200D08641 /* LikedFactory.swift */; };
		3619DF9229FD73B000D08641 /* LikedViewModel.swift in Sources */ = {isa = PBXBuildFile; fileRef = 3619DF9129FD73B000D08641 /* LikedViewModel.swift */; };
		3619DF962A0D291500D08641 /* ProfileCoordinator.swift in Sources */ = {isa = PBXBuildFile; fileRef = 3619DF952A0D291500D08641 /* ProfileCoordinator.swift */; };
		3619DF9C2A0D29D400D08641 /* ProfileFactory.swift in Sources */ = {isa = PBXBuildFile; fileRef = 3619DF9B2A0D29D400D08641 /* ProfileFactory.swift */; };
		3619DF9F2A0D2A3100D08641 /* ProfileViewModel.swift in Sources */ = {isa = PBXBuildFile; fileRef = 3619DF9E2A0D2A3100D08641 /* ProfileViewModel.swift */; };
		3619DFA32A0D2BBB00D08641 /* SettingsCoordinator.swift in Sources */ = {isa = PBXBuildFile; fileRef = 3619DFA22A0D2BBB00D08641 /* SettingsCoordinator.swift */; };
		3619DFA52A0D2BD100D08641 /* SettingsFactory.swift in Sources */ = {isa = PBXBuildFile; fileRef = 3619DFA42A0D2BD100D08641 /* SettingsFactory.swift */; };
		3619DFA72A0D2BE500D08641 /* SettingsViewModel.swift in Sources */ = {isa = PBXBuildFile; fileRef = 3619DFA62A0D2BE500D08641 /* SettingsViewModel.swift */; };
		3619DFA92A0D2BFE00D08641 /* SettingsView.swift in Sources */ = {isa = PBXBuildFile; fileRef = 3619DFA82A0D2BFE00D08641 /* SettingsView.swift */; };
		3619DFAB2A0E921300D08641 /* PostCell.swift in Sources */ = {isa = PBXBuildFile; fileRef = 3619DFAA2A0E921300D08641 /* PostCell.swift */; };
		3619DFAD2A0E975A00D08641 /* PostButton.swift in Sources */ = {isa = PBXBuildFile; fileRef = 3619DFAC2A0E975A00D08641 /* PostButton.swift */; };
		3619DFAF2A0F913200D08641 /* SearchViewController.swift in Sources */ = {isa = PBXBuildFile; fileRef = 3619DFAE2A0F913200D08641 /* SearchViewController.swift */; };
		3619DFB12A0FB9D300D08641 /* PostData.swift in Sources */ = {isa = PBXBuildFile; fileRef = 3619DFB02A0FB9D300D08641 /* PostData.swift */; };
		3619DFB32A12E87B00D08641 /* PetView.swift in Sources */ = {isa = PBXBuildFile; fileRef = 3619DFB22A12E87B00D08641 /* PetView.swift */; };
		3619DFB62A13826E00D08641 /* PhotoCoordinator.swift in Sources */ = {isa = PBXBuildFile; fileRef = 3619DFB52A13826E00D08641 /* PhotoCoordinator.swift */; };
		3619DFB82A13828200D08641 /* PhotoViewController.swift in Sources */ = {isa = PBXBuildFile; fileRef = 3619DFB72A13828200D08641 /* PhotoViewController.swift */; };
		3619DFC72A167B9300D08641 /* PhotoConstans.swift in Sources */ = {isa = PBXBuildFile; fileRef = 3619DFC62A167B9300D08641 /* PhotoConstans.swift */; };
		362C045A2A2E1CD800118971 /* UserCollectionCell.swift in Sources */ = {isa = PBXBuildFile; fileRef = 362C04592A2E1CD800118971 /* UserCollectionCell.swift */; };
		362C045C2A2E1DC000118971 /* PetCollectionCell.swift in Sources */ = {isa = PBXBuildFile; fileRef = 362C045B2A2E1DC000118971 /* PetCollectionCell.swift */; };
		362C04602A2E661E00118971 /* MyPostsCollectionCell.swift in Sources */ = {isa = PBXBuildFile; fileRef = 362C045F2A2E661D00118971 /* MyPostsCollectionCell.swift */; };
		362C04622A2E731600118971 /* MyPhotosCollectionCell.swift in Sources */ = {isa = PBXBuildFile; fileRef = 362C04612A2E731600118971 /* MyPhotosCollectionCell.swift */; };
		362C04642A2E7FE300118971 /* Photos.swift in Sources */ = {isa = PBXBuildFile; fileRef = 362C04632A2E7FE300118971 /* Photos.swift */; };
		362C04662A2E810600118971 /* PhotosCell.swift in Sources */ = {isa = PBXBuildFile; fileRef = 362C04652A2E810600118971 /* PhotosCell.swift */; };
		362C046E2A335A0600118971 /* AddPostViewController.swift in Sources */ = {isa = PBXBuildFile; fileRef = 362C046D2A335A0600118971 /* AddPostViewController.swift */; };
		362C04702A335A1600118971 /* AddPostView.swift in Sources */ = {isa = PBXBuildFile; fileRef = 362C046F2A335A1600118971 /* AddPostView.swift */; };
		362C04792A33BC8000118971 /* AddPostViewModel.swift in Sources */ = {isa = PBXBuildFile; fileRef = 362C04782A33BC8000118971 /* AddPostViewModel.swift */; };
		362C047C2A3CAD9E00118971 /* PhotoFactory.swift in Sources */ = {isa = PBXBuildFile; fileRef = 362C047B2A3CAD9E00118971 /* PhotoFactory.swift */; };
		362C047F2A45ECBF00118971 /* AddPostFactory.swift in Sources */ = {isa = PBXBuildFile; fileRef = 362C047E2A45ECBF00118971 /* AddPostFactory.swift */; };
		3650400E2A4B92170099DC96 /* EditPetView.swift in Sources */ = {isa = PBXBuildFile; fileRef = 3650400D2A4B92170099DC96 /* EditPetView.swift */; };
		365040102A4B94510099DC96 /* EditPetViewModel.swift in Sources */ = {isa = PBXBuildFile; fileRef = 3650400F2A4B94510099DC96 /* EditPetViewModel.swift */; };
		365040122A4B96E70099DC96 /* EditPetViewController.swift in Sources */ = {isa = PBXBuildFile; fileRef = 365040112A4B96E70099DC96 /* EditPetViewController.swift */; };
		365040152A4B98040099DC96 /* EditPetFactory.swift in Sources */ = {isa = PBXBuildFile; fileRef = 365040142A4B98040099DC96 /* EditPetFactory.swift */; };
		3650401D2A66ED980099DC96 /* EditUserFactory.swift in Sources */ = {isa = PBXBuildFile; fileRef = 3650401C2A66ED980099DC96 /* EditUserFactory.swift */; };
		3650401F2A66EFA20099DC96 /* EditUserViewModel.swift in Sources */ = {isa = PBXBuildFile; fileRef = 3650401E2A66EFA20099DC96 /* EditUserViewModel.swift */; };
		365040212A66F0060099DC96 /* EditUserViewController.swift in Sources */ = {isa = PBXBuildFile; fileRef = 365040202A66F0060099DC96 /* EditUserViewController.swift */; };
		365040232A66F0850099DC96 /* EditUserView.swift in Sources */ = {isa = PBXBuildFile; fileRef = 365040222A66F0850099DC96 /* EditUserView.swift */; };
		36EEE4F42A9205D400F9AAFB /* EditUserCoordinator.swift in Sources */ = {isa = PBXBuildFile; fileRef = 36EEE4F32A9205D400F9AAFB /* EditUserCoordinator.swift */; };
		36EEE4F72A9206FC00F9AAFB /* EditPetCoordinator.swift in Sources */ = {isa = PBXBuildFile; fileRef = 36EEE4F62A9206FC00F9AAFB /* EditPetCoordinator.swift */; };
		36EEE4FB2A9236A000F9AAFB /* ManifestoFactory.swift in Sources */ = {isa = PBXBuildFile; fileRef = 36EEE4FA2A9236A000F9AAFB /* ManifestoFactory.swift */; };
		36EEE4FE2A92375F00F9AAFB /* ManifestoViewModel.swift in Sources */ = {isa = PBXBuildFile; fileRef = 36EEE4FD2A92375F00F9AAFB /* ManifestoViewModel.swift */; };
		36EEE5012A92386200F9AAFB /* ManifestoView.swift in Sources */ = {isa = PBXBuildFile; fileRef = 36EEE5002A92386200F9AAFB /* ManifestoView.swift */; };
		36EEE5032A923C5900F9AAFB /* ManifestoCoordinator.swift in Sources */ = {isa = PBXBuildFile; fileRef = 36EEE5022A923C5900F9AAFB /* ManifestoCoordinator.swift */; };
		36EEE5062A9255B600F9AAFB /* LoginInspector.swift in Sources */ = {isa = PBXBuildFile; fileRef = 36EEE5052A9255B600F9AAFB /* LoginInspector.swift */; };
		36EEE5092A92561400F9AAFB /* CheckerService.swift in Sources */ = {isa = PBXBuildFile; fileRef = 36EEE5082A92561400F9AAFB /* CheckerService.swift */; };
		36EEE5282A97AB3E00F9AAFB /* MainCoordinator.swift in Sources */ = {isa = PBXBuildFile; fileRef = 36EEE5272A97AB3E00F9AAFB /* MainCoordinator.swift */; };
		36EEE52D2A9CEADD00F9AAFB /* UserData.swift in Sources */ = {isa = PBXBuildFile; fileRef = 36EEE52C2A9CEADD00F9AAFB /* UserData.swift */; };
		36EEE52F2A9CECEE00F9AAFB /* PetData.swift in Sources */ = {isa = PBXBuildFile; fileRef = 36EEE52E2A9CECEE00F9AAFB /* PetData.swift */; };
		36EEE5562A9CF8BB00F9AAFB /* DataManager.swift in Sources */ = {isa = PBXBuildFile; fileRef = 36EEE5552A9CF8BB00F9AAFB /* DataManager.swift */; };
		36EEE5772A9FA46200F9AAFB /* ImageManager.swift in Sources */ = {isa = PBXBuildFile; fileRef = 36EEE5762A9FA46200F9AAFB /* ImageManager.swift */; };
		36EEE5792A9FB1DB00F9AAFB /* UIImageView.swift in Sources */ = {isa = PBXBuildFile; fileRef = 36EEE5782A9FB1DB00F9AAFB /* UIImageView.swift */; };
		36EEE57E2AA2767A00F9AAFB /* String.swift in Sources */ = {isa = PBXBuildFile; fileRef = 36EEE57D2AA2767A00F9AAFB /* String.swift */; };
		36EEE5802AA2789200F9AAFB /* Labels.swift in Sources */ = {isa = PBXBuildFile; fileRef = 36EEE57F2AA2789200F9AAFB /* Labels.swift */; };
		36EEE5842AA3CC8400F9AAFB /* UIColor.swift in Sources */ = {isa = PBXBuildFile; fileRef = 36EEE5832AA3CC8400F9AAFB /* UIColor.swift */; };
		36EEE5872AA48A8D00F9AAFB /* FirebaseAnalytics in Frameworks */ = {isa = PBXBuildFile; productRef = 36EEE5862AA48A8D00F9AAFB /* FirebaseAnalytics */; };
		36EEE5892AA48A8D00F9AAFB /* FirebaseAnalyticsOnDeviceConversion in Frameworks */ = {isa = PBXBuildFile; productRef = 36EEE5882AA48A8D00F9AAFB /* FirebaseAnalyticsOnDeviceConversion */; };
		36EEE58B2AA48A8D00F9AAFB /* FirebaseAnalyticsSwift in Frameworks */ = {isa = PBXBuildFile; productRef = 36EEE58A2AA48A8D00F9AAFB /* FirebaseAnalyticsSwift */; };
		36EEE58D2AA48A8D00F9AAFB /* FirebaseAnalyticsWithoutAdIdSupport in Frameworks */ = {isa = PBXBuildFile; productRef = 36EEE58C2AA48A8D00F9AAFB /* FirebaseAnalyticsWithoutAdIdSupport */; };
		36EEE58F2AA48A8D00F9AAFB /* FirebaseAppCheck in Frameworks */ = {isa = PBXBuildFile; productRef = 36EEE58E2AA48A8D00F9AAFB /* FirebaseAppCheck */; };
		36EEE5912AA48A8D00F9AAFB /* FirebaseAppDistribution-Beta in Frameworks */ = {isa = PBXBuildFile; productRef = 36EEE5902AA48A8D00F9AAFB /* FirebaseAppDistribution-Beta */; };
		36EEE5932AA48A8D00F9AAFB /* FirebaseAuth in Frameworks */ = {isa = PBXBuildFile; productRef = 36EEE5922AA48A8D00F9AAFB /* FirebaseAuth */; };
		36EEE5952AA48A8D00F9AAFB /* FirebaseAuthCombine-Community in Frameworks */ = {isa = PBXBuildFile; productRef = 36EEE5942AA48A8D00F9AAFB /* FirebaseAuthCombine-Community */; };
		36EEE5972AA48A8D00F9AAFB /* FirebaseCrashlytics in Frameworks */ = {isa = PBXBuildFile; productRef = 36EEE5962AA48A8D00F9AAFB /* FirebaseCrashlytics */; };
		36EEE5992AA48A8D00F9AAFB /* FirebaseDatabase in Frameworks */ = {isa = PBXBuildFile; productRef = 36EEE5982AA48A8D00F9AAFB /* FirebaseDatabase */; };
		36EEE59B2AA48A8D00F9AAFB /* FirebaseDatabaseSwift in Frameworks */ = {isa = PBXBuildFile; productRef = 36EEE59A2AA48A8D00F9AAFB /* FirebaseDatabaseSwift */; };
		36EEE59D2AA48A8D00F9AAFB /* FirebaseDynamicLinks in Frameworks */ = {isa = PBXBuildFile; productRef = 36EEE59C2AA48A8D00F9AAFB /* FirebaseDynamicLinks */; };
		36EEE59F2AA48A8D00F9AAFB /* FirebaseFirestore in Frameworks */ = {isa = PBXBuildFile; productRef = 36EEE59E2AA48A8D00F9AAFB /* FirebaseFirestore */; };
		36EEE5A12AA48A8D00F9AAFB /* FirebaseFirestoreCombine-Community in Frameworks */ = {isa = PBXBuildFile; productRef = 36EEE5A02AA48A8D00F9AAFB /* FirebaseFirestoreCombine-Community */; };
		36EEE5A32AA48A8D00F9AAFB /* FirebaseFirestoreSwift in Frameworks */ = {isa = PBXBuildFile; productRef = 36EEE5A22AA48A8D00F9AAFB /* FirebaseFirestoreSwift */; };
		36EEE5A52AA48A8D00F9AAFB /* FirebaseFunctions in Frameworks */ = {isa = PBXBuildFile; productRef = 36EEE5A42AA48A8D00F9AAFB /* FirebaseFunctions */; };
		36EEE5A72AA48A8D00F9AAFB /* FirebaseFunctionsCombine-Community in Frameworks */ = {isa = PBXBuildFile; productRef = 36EEE5A62AA48A8D00F9AAFB /* FirebaseFunctionsCombine-Community */; };
		36EEE5A92AA48A8D00F9AAFB /* FirebaseInAppMessaging-Beta in Frameworks */ = {isa = PBXBuildFile; productRef = 36EEE5A82AA48A8D00F9AAFB /* FirebaseInAppMessaging-Beta */; };
		36EEE5AB2AA48A8D00F9AAFB /* FirebaseInAppMessagingSwift-Beta in Frameworks */ = {isa = PBXBuildFile; productRef = 36EEE5AA2AA48A8D00F9AAFB /* FirebaseInAppMessagingSwift-Beta */; };
		36EEE5AD2AA48A8D00F9AAFB /* FirebaseInstallations in Frameworks */ = {isa = PBXBuildFile; productRef = 36EEE5AC2AA48A8D00F9AAFB /* FirebaseInstallations */; };
		36EEE5AF2AA48A8D00F9AAFB /* FirebaseMLModelDownloader in Frameworks */ = {isa = PBXBuildFile; productRef = 36EEE5AE2AA48A8D00F9AAFB /* FirebaseMLModelDownloader */; };
		36EEE5B12AA48A8D00F9AAFB /* FirebaseMessaging in Frameworks */ = {isa = PBXBuildFile; productRef = 36EEE5B02AA48A8D00F9AAFB /* FirebaseMessaging */; };
		36EEE5B32AA48A8D00F9AAFB /* FirebasePerformance in Frameworks */ = {isa = PBXBuildFile; productRef = 36EEE5B22AA48A8D00F9AAFB /* FirebasePerformance */; };
		36EEE5B52AA48A8D00F9AAFB /* FirebaseRemoteConfig in Frameworks */ = {isa = PBXBuildFile; productRef = 36EEE5B42AA48A8D00F9AAFB /* FirebaseRemoteConfig */; };
		36EEE5B72AA48A8D00F9AAFB /* FirebaseRemoteConfigSwift in Frameworks */ = {isa = PBXBuildFile; productRef = 36EEE5B62AA48A8D00F9AAFB /* FirebaseRemoteConfigSwift */; };
		36EEE5B92AA48A8D00F9AAFB /* FirebaseStorage in Frameworks */ = {isa = PBXBuildFile; productRef = 36EEE5B82AA48A8D00F9AAFB /* FirebaseStorage */; };
		36EEE5BB2AA48A8D00F9AAFB /* FirebaseStorageCombine-Community in Frameworks */ = {isa = PBXBuildFile; productRef = 36EEE5BA2AA48A8D00F9AAFB /* FirebaseStorageCombine-Community */; };
/* End PBXBuildFile section */

/* Begin PBXFileReference section */
		3619DF1729F8214B00D08641 /* MyPet.app */ = {isa = PBXFileReference; explicitFileType = wrapper.application; includeInIndex = 0; path = MyPet.app; sourceTree = BUILT_PRODUCTS_DIR; };
		3619DF1A29F8214B00D08641 /* AppDelegate.swift */ = {isa = PBXFileReference; lastKnownFileType = sourcecode.swift; path = AppDelegate.swift; sourceTree = "<group>"; };
		3619DF1C29F8214B00D08641 /* SceneDelegate.swift */ = {isa = PBXFileReference; lastKnownFileType = sourcecode.swift; path = SceneDelegate.swift; sourceTree = "<group>"; };
		3619DF1E29F8214B00D08641 /* WelcomeViewController.swift */ = {isa = PBXFileReference; lastKnownFileType = sourcecode.swift; path = WelcomeViewController.swift; sourceTree = "<group>"; };
		3619DF2329F8214C00D08641 /* Assets.xcassets */ = {isa = PBXFileReference; lastKnownFileType = folder.assetcatalog; path = Assets.xcassets; sourceTree = "<group>"; };
		3619DF2629F8214C00D08641 /* Base */ = {isa = PBXFileReference; lastKnownFileType = file.storyboard; name = Base; path = Base.lproj/LaunchScreen.storyboard; sourceTree = "<group>"; };
		3619DF2829F8214C00D08641 /* Info.plist */ = {isa = PBXFileReference; lastKnownFileType = text.plist.xml; path = Info.plist; sourceTree = "<group>"; };
		3619DF2E29F98E1A00D08641 /* WelcomeView.swift */ = {isa = PBXFileReference; lastKnownFileType = sourcecode.swift; path = WelcomeView.swift; sourceTree = "<group>"; };
		3619DF3129F98E8F00D08641 /* WelcomeCoordinator.swift */ = {isa = PBXFileReference; lastKnownFileType = sourcecode.swift; path = WelcomeCoordinator.swift; sourceTree = "<group>"; };
		3619DF3629F98EFD00D08641 /* WelcomeFactory.swift */ = {isa = PBXFileReference; lastKnownFileType = sourcecode.swift; path = WelcomeFactory.swift; sourceTree = "<group>"; };
		3619DF3929F98F5B00D08641 /* WelcomeViewModel.swift */ = {isa = PBXFileReference; lastKnownFileType = sourcecode.swift; path = WelcomeViewModel.swift; sourceTree = "<group>"; };
		3619DF3D29F9960200D08641 /* CustomButton.swift */ = {isa = PBXFileReference; lastKnownFileType = sourcecode.swift; path = CustomButton.swift; sourceTree = "<group>"; };
		3619DF4029F9962A00D08641 /* View.swift */ = {isa = PBXFileReference; lastKnownFileType = sourcecode.swift; path = View.swift; sourceTree = "<group>"; };
		3619DF4229F99FB200D08641 /* Colors.swift */ = {isa = PBXFileReference; lastKnownFileType = sourcecode.swift; path = Colors.swift; sourceTree = "<group>"; };
		3619DF4429F9A82300D08641 /* StackView.swift */ = {isa = PBXFileReference; lastKnownFileType = sourcecode.swift; path = StackView.swift; sourceTree = "<group>"; };
		3619DF4929F9D7A500D08641 /* HomeViewController.swift */ = {isa = PBXFileReference; lastKnownFileType = sourcecode.swift; path = HomeViewController.swift; sourceTree = "<group>"; };
		3619DF4B29F9D81000D08641 /* ProfileViewController.swift */ = {isa = PBXFileReference; lastKnownFileType = sourcecode.swift; path = ProfileViewController.swift; sourceTree = "<group>"; };
		3619DF4D29F9D83A00D08641 /* LikedViewController.swift */ = {isa = PBXFileReference; lastKnownFileType = sourcecode.swift; path = LikedViewController.swift; sourceTree = "<group>"; };
		3619DF4F29F9D86B00D08641 /* SettingsViewController.swift */ = {isa = PBXFileReference; lastKnownFileType = sourcecode.swift; path = SettingsViewController.swift; sourceTree = "<group>"; };
		3619DF5129FAC16E00D08641 /* GoogleService-Info.plist */ = {isa = PBXFileReference; fileEncoding = 4; lastKnownFileType = text.plist.xml; path = "GoogleService-Info.plist"; sourceTree = "<group>"; };
		3619DF5729FACD8200D08641 /* EntryCoordinator.swift */ = {isa = PBXFileReference; lastKnownFileType = sourcecode.swift; path = EntryCoordinator.swift; sourceTree = "<group>"; };
		3619DF5A29FACF0D00D08641 /* EntryView.swift */ = {isa = PBXFileReference; lastKnownFileType = sourcecode.swift; path = EntryView.swift; sourceTree = "<group>"; };
		3619DF5C29FACF2400D08641 /* EntryViewController.swift */ = {isa = PBXFileReference; lastKnownFileType = sourcecode.swift; path = EntryViewController.swift; sourceTree = "<group>"; };
		3619DF5E29FACF4900D08641 /* EntryViewModel.swift */ = {isa = PBXFileReference; lastKnownFileType = sourcecode.swift; path = EntryViewModel.swift; sourceTree = "<group>"; };
		3619DF6029FACF5E00D08641 /* EntryFactory.swift */ = {isa = PBXFileReference; lastKnownFileType = sourcecode.swift; path = EntryFactory.swift; sourceTree = "<group>"; };
		3619DF6529FAF9FB00D08641 /* ru */ = {isa = PBXFileReference; lastKnownFileType = text.plist.strings; name = ru; path = ru.lproj/LaunchScreen.strings; sourceTree = "<group>"; };
		3619DF6929FAFB5A00D08641 /* en */ = {isa = PBXFileReference; lastKnownFileType = text.plist.strings; name = en; path = en.lproj/Localizable.strings; sourceTree = "<group>"; };
		3619DF6B29FAFB6000D08641 /* ru */ = {isa = PBXFileReference; lastKnownFileType = text.plist.strings; name = ru; path = ru.lproj/Localizable.strings; sourceTree = "<group>"; };
		3619DF6C29FBE28A00D08641 /* ManifestoViewController.swift */ = {isa = PBXFileReference; lastKnownFileType = sourcecode.swift; path = ManifestoViewController.swift; sourceTree = "<group>"; };
		3619DF7229FBF70000D08641 /* en */ = {isa = PBXFileReference; lastKnownFileType = text.plist.strings; name = en; path = en.lproj/LaunchScreen.strings; sourceTree = "<group>"; };
		3619DF7429FBFFB500D08641 /* LikedView.swift */ = {isa = PBXFileReference; lastKnownFileType = sourcecode.swift; path = LikedView.swift; sourceTree = "<group>"; };
		3619DF7629FC484200D08641 /* ProfileView.swift */ = {isa = PBXFileReference; lastKnownFileType = sourcecode.swift; path = ProfileView.swift; sourceTree = "<group>"; };
		3619DF7929FD5D1C00D08641 /* CustomTextField.swift */ = {isa = PBXFileReference; lastKnownFileType = sourcecode.swift; path = CustomTextField.swift; sourceTree = "<group>"; };
		3619DF7B29FD654200D08641 /* TabBarCoordinator.swift */ = {isa = PBXFileReference; lastKnownFileType = sourcecode.swift; path = TabBarCoordinator.swift; sourceTree = "<group>"; };
		3619DF7D29FD66BB00D08641 /* HomeCoordinator.swift */ = {isa = PBXFileReference; lastKnownFileType = sourcecode.swift; path = HomeCoordinator.swift; sourceTree = "<group>"; };
		3619DF7F29FD673000D08641 /* HomeFactory.swift */ = {isa = PBXFileReference; lastKnownFileType = sourcecode.swift; path = HomeFactory.swift; sourceTree = "<group>"; };
		3619DF8529FD682400D08641 /* HomeView.swift */ = {isa = PBXFileReference; lastKnownFileType = sourcecode.swift; path = HomeView.swift; sourceTree = "<group>"; };
		3619DF8829FD686000D08641 /* HomeViewModel.swift */ = {isa = PBXFileReference; lastKnownFileType = sourcecode.swift; path = HomeViewModel.swift; sourceTree = "<group>"; };
		3619DF8A29FD731A00D08641 /* LikedCoordinator.swift */ = {isa = PBXFileReference; lastKnownFileType = sourcecode.swift; path = LikedCoordinator.swift; sourceTree = "<group>"; };
		3619DF8C29FD733200D08641 /* LikedFactory.swift */ = {isa = PBXFileReference; lastKnownFileType = sourcecode.swift; path = LikedFactory.swift; sourceTree = "<group>"; };
		3619DF9129FD73B000D08641 /* LikedViewModel.swift */ = {isa = PBXFileReference; lastKnownFileType = sourcecode.swift; path = LikedViewModel.swift; sourceTree = "<group>"; };
		3619DF952A0D291500D08641 /* ProfileCoordinator.swift */ = {isa = PBXFileReference; lastKnownFileType = sourcecode.swift; path = ProfileCoordinator.swift; sourceTree = "<group>"; };
		3619DF9B2A0D29D400D08641 /* ProfileFactory.swift */ = {isa = PBXFileReference; lastKnownFileType = sourcecode.swift; path = ProfileFactory.swift; sourceTree = "<group>"; };
		3619DF9E2A0D2A3100D08641 /* ProfileViewModel.swift */ = {isa = PBXFileReference; lastKnownFileType = sourcecode.swift; path = ProfileViewModel.swift; sourceTree = "<group>"; };
		3619DFA22A0D2BBB00D08641 /* SettingsCoordinator.swift */ = {isa = PBXFileReference; lastKnownFileType = sourcecode.swift; path = SettingsCoordinator.swift; sourceTree = "<group>"; };
		3619DFA42A0D2BD100D08641 /* SettingsFactory.swift */ = {isa = PBXFileReference; lastKnownFileType = sourcecode.swift; path = SettingsFactory.swift; sourceTree = "<group>"; };
		3619DFA62A0D2BE500D08641 /* SettingsViewModel.swift */ = {isa = PBXFileReference; lastKnownFileType = sourcecode.swift; path = SettingsViewModel.swift; sourceTree = "<group>"; };
		3619DFA82A0D2BFE00D08641 /* SettingsView.swift */ = {isa = PBXFileReference; lastKnownFileType = sourcecode.swift; path = SettingsView.swift; sourceTree = "<group>"; };
		3619DFAA2A0E921300D08641 /* PostCell.swift */ = {isa = PBXFileReference; lastKnownFileType = sourcecode.swift; path = PostCell.swift; sourceTree = "<group>"; };
		3619DFAC2A0E975A00D08641 /* PostButton.swift */ = {isa = PBXFileReference; lastKnownFileType = sourcecode.swift; path = PostButton.swift; sourceTree = "<group>"; };
		3619DFAE2A0F913200D08641 /* SearchViewController.swift */ = {isa = PBXFileReference; lastKnownFileType = sourcecode.swift; path = SearchViewController.swift; sourceTree = "<group>"; };
		3619DFB02A0FB9D300D08641 /* PostData.swift */ = {isa = PBXFileReference; lastKnownFileType = sourcecode.swift; path = PostData.swift; sourceTree = "<group>"; };
		3619DFB22A12E87B00D08641 /* PetView.swift */ = {isa = PBXFileReference; lastKnownFileType = sourcecode.swift; path = PetView.swift; sourceTree = "<group>"; };
		3619DFB52A13826E00D08641 /* PhotoCoordinator.swift */ = {isa = PBXFileReference; lastKnownFileType = sourcecode.swift; path = PhotoCoordinator.swift; sourceTree = "<group>"; };
		3619DFB72A13828200D08641 /* PhotoViewController.swift */ = {isa = PBXFileReference; lastKnownFileType = sourcecode.swift; path = PhotoViewController.swift; sourceTree = "<group>"; };
		3619DFC62A167B9300D08641 /* PhotoConstans.swift */ = {isa = PBXFileReference; lastKnownFileType = sourcecode.swift; path = PhotoConstans.swift; sourceTree = "<group>"; };
		362C04592A2E1CD800118971 /* UserCollectionCell.swift */ = {isa = PBXFileReference; lastKnownFileType = sourcecode.swift; path = UserCollectionCell.swift; sourceTree = "<group>"; };
		362C045B2A2E1DC000118971 /* PetCollectionCell.swift */ = {isa = PBXFileReference; lastKnownFileType = sourcecode.swift; path = PetCollectionCell.swift; sourceTree = "<group>"; };
		362C045F2A2E661D00118971 /* MyPostsCollectionCell.swift */ = {isa = PBXFileReference; lastKnownFileType = sourcecode.swift; path = MyPostsCollectionCell.swift; sourceTree = "<group>"; };
		362C04612A2E731600118971 /* MyPhotosCollectionCell.swift */ = {isa = PBXFileReference; lastKnownFileType = sourcecode.swift; path = MyPhotosCollectionCell.swift; sourceTree = "<group>"; };
		362C04632A2E7FE300118971 /* Photos.swift */ = {isa = PBXFileReference; lastKnownFileType = sourcecode.swift; path = Photos.swift; sourceTree = "<group>"; };
		362C04652A2E810600118971 /* PhotosCell.swift */ = {isa = PBXFileReference; lastKnownFileType = sourcecode.swift; path = PhotosCell.swift; sourceTree = "<group>"; };
		362C046D2A335A0600118971 /* AddPostViewController.swift */ = {isa = PBXFileReference; lastKnownFileType = sourcecode.swift; path = AddPostViewController.swift; sourceTree = "<group>"; };
		362C046F2A335A1600118971 /* AddPostView.swift */ = {isa = PBXFileReference; lastKnownFileType = sourcecode.swift; path = AddPostView.swift; sourceTree = "<group>"; };
		362C04782A33BC8000118971 /* AddPostViewModel.swift */ = {isa = PBXFileReference; lastKnownFileType = sourcecode.swift; path = AddPostViewModel.swift; sourceTree = "<group>"; };
		362C047B2A3CAD9E00118971 /* PhotoFactory.swift */ = {isa = PBXFileReference; lastKnownFileType = sourcecode.swift; path = PhotoFactory.swift; sourceTree = "<group>"; };
		362C047E2A45ECBF00118971 /* AddPostFactory.swift */ = {isa = PBXFileReference; lastKnownFileType = sourcecode.swift; path = AddPostFactory.swift; sourceTree = "<group>"; };
		3650400D2A4B92170099DC96 /* EditPetView.swift */ = {isa = PBXFileReference; lastKnownFileType = sourcecode.swift; path = EditPetView.swift; sourceTree = "<group>"; };
		3650400F2A4B94510099DC96 /* EditPetViewModel.swift */ = {isa = PBXFileReference; lastKnownFileType = sourcecode.swift; path = EditPetViewModel.swift; sourceTree = "<group>"; };
		365040112A4B96E70099DC96 /* EditPetViewController.swift */ = {isa = PBXFileReference; lastKnownFileType = sourcecode.swift; path = EditPetViewController.swift; sourceTree = "<group>"; };
		365040142A4B98040099DC96 /* EditPetFactory.swift */ = {isa = PBXFileReference; lastKnownFileType = sourcecode.swift; path = EditPetFactory.swift; sourceTree = "<group>"; };
		3650401C2A66ED980099DC96 /* EditUserFactory.swift */ = {isa = PBXFileReference; lastKnownFileType = sourcecode.swift; path = EditUserFactory.swift; sourceTree = "<group>"; };
		3650401E2A66EFA20099DC96 /* EditUserViewModel.swift */ = {isa = PBXFileReference; lastKnownFileType = sourcecode.swift; path = EditUserViewModel.swift; sourceTree = "<group>"; };
		365040202A66F0060099DC96 /* EditUserViewController.swift */ = {isa = PBXFileReference; lastKnownFileType = sourcecode.swift; path = EditUserViewController.swift; sourceTree = "<group>"; };
		365040222A66F0850099DC96 /* EditUserView.swift */ = {isa = PBXFileReference; lastKnownFileType = sourcecode.swift; path = EditUserView.swift; sourceTree = "<group>"; };
		36EEE4F32A9205D400F9AAFB /* EditUserCoordinator.swift */ = {isa = PBXFileReference; lastKnownFileType = sourcecode.swift; path = EditUserCoordinator.swift; sourceTree = "<group>"; };
		36EEE4F62A9206FC00F9AAFB /* EditPetCoordinator.swift */ = {isa = PBXFileReference; lastKnownFileType = sourcecode.swift; path = EditPetCoordinator.swift; sourceTree = "<group>"; };
		36EEE4FA2A9236A000F9AAFB /* ManifestoFactory.swift */ = {isa = PBXFileReference; lastKnownFileType = sourcecode.swift; path = ManifestoFactory.swift; sourceTree = "<group>"; };
		36EEE4FD2A92375F00F9AAFB /* ManifestoViewModel.swift */ = {isa = PBXFileReference; lastKnownFileType = sourcecode.swift; path = ManifestoViewModel.swift; sourceTree = "<group>"; };
		36EEE5002A92386200F9AAFB /* ManifestoView.swift */ = {isa = PBXFileReference; lastKnownFileType = sourcecode.swift; path = ManifestoView.swift; sourceTree = "<group>"; };
		36EEE5022A923C5900F9AAFB /* ManifestoCoordinator.swift */ = {isa = PBXFileReference; lastKnownFileType = sourcecode.swift; path = ManifestoCoordinator.swift; sourceTree = "<group>"; };
		36EEE5052A9255B600F9AAFB /* LoginInspector.swift */ = {isa = PBXFileReference; lastKnownFileType = sourcecode.swift; path = LoginInspector.swift; sourceTree = "<group>"; };
		36EEE5082A92561400F9AAFB /* CheckerService.swift */ = {isa = PBXFileReference; lastKnownFileType = sourcecode.swift; path = CheckerService.swift; sourceTree = "<group>"; };
		36EEE5272A97AB3E00F9AAFB /* MainCoordinator.swift */ = {isa = PBXFileReference; lastKnownFileType = sourcecode.swift; path = MainCoordinator.swift; sourceTree = "<group>"; };
		36EEE52C2A9CEADD00F9AAFB /* UserData.swift */ = {isa = PBXFileReference; lastKnownFileType = sourcecode.swift; path = UserData.swift; sourceTree = "<group>"; };
		36EEE52E2A9CECEE00F9AAFB /* PetData.swift */ = {isa = PBXFileReference; lastKnownFileType = sourcecode.swift; path = PetData.swift; sourceTree = "<group>"; };
		36EEE5552A9CF8BB00F9AAFB /* DataManager.swift */ = {isa = PBXFileReference; lastKnownFileType = sourcecode.swift; path = DataManager.swift; sourceTree = "<group>"; };
		36EEE5762A9FA46200F9AAFB /* ImageManager.swift */ = {isa = PBXFileReference; lastKnownFileType = sourcecode.swift; path = ImageManager.swift; sourceTree = "<group>"; };
		36EEE5782A9FB1DB00F9AAFB /* UIImageView.swift */ = {isa = PBXFileReference; lastKnownFileType = sourcecode.swift; path = UIImageView.swift; sourceTree = "<group>"; };
		36EEE57A2AA0DBBB00F9AAFB /* README.md */ = {isa = PBXFileReference; lastKnownFileType = net.daringfireball.markdown; path = README.md; sourceTree = "<group>"; };
		36EEE57D2AA2767A00F9AAFB /* String.swift */ = {isa = PBXFileReference; lastKnownFileType = sourcecode.swift; path = String.swift; sourceTree = "<group>"; };
		36EEE57F2AA2789200F9AAFB /* Labels.swift */ = {isa = PBXFileReference; lastKnownFileType = sourcecode.swift; path = Labels.swift; sourceTree = "<group>"; };
		36EEE5832AA3CC8400F9AAFB /* UIColor.swift */ = {isa = PBXFileReference; lastKnownFileType = sourcecode.swift; path = UIColor.swift; sourceTree = "<group>"; };
/* End PBXFileReference section */

/* Begin PBXFrameworksBuildPhase section */
		3619DF1429F8214B00D08641 /* Frameworks */ = {
			isa = PBXFrameworksBuildPhase;
			buildActionMask = 2147483647;
			files = (
				36EEE5992AA48A8D00F9AAFB /* FirebaseDatabase in Frameworks */,
				36EEE5A72AA48A8D00F9AAFB /* FirebaseFunctionsCombine-Community in Frameworks */,
				36EEE59F2AA48A8D00F9AAFB /* FirebaseFirestore in Frameworks */,
				36EEE58B2AA48A8D00F9AAFB /* FirebaseAnalyticsSwift in Frameworks */,
				36EEE5872AA48A8D00F9AAFB /* FirebaseAnalytics in Frameworks */,
				36EEE5892AA48A8D00F9AAFB /* FirebaseAnalyticsOnDeviceConversion in Frameworks */,
				36EEE5AF2AA48A8D00F9AAFB /* FirebaseMLModelDownloader in Frameworks */,
				36EEE5A32AA48A8D00F9AAFB /* FirebaseFirestoreSwift in Frameworks */,
				36EEE58F2AA48A8D00F9AAFB /* FirebaseAppCheck in Frameworks */,
				36EEE58D2AA48A8D00F9AAFB /* FirebaseAnalyticsWithoutAdIdSupport in Frameworks */,
				36EEE5932AA48A8D00F9AAFB /* FirebaseAuth in Frameworks */,
				36EEE5972AA48A8D00F9AAFB /* FirebaseCrashlytics in Frameworks */,
				36EEE5B72AA48A8D00F9AAFB /* FirebaseRemoteConfigSwift in Frameworks */,
				36EEE5A92AA48A8D00F9AAFB /* FirebaseInAppMessaging-Beta in Frameworks */,
				36EEE59B2AA48A8D00F9AAFB /* FirebaseDatabaseSwift in Frameworks */,
				36EEE5A52AA48A8D00F9AAFB /* FirebaseFunctions in Frameworks */,
				36EEE5BB2AA48A8D00F9AAFB /* FirebaseStorageCombine-Community in Frameworks */,
				36EEE5B52AA48A8D00F9AAFB /* FirebaseRemoteConfig in Frameworks */,
				36EEE5912AA48A8D00F9AAFB /* FirebaseAppDistribution-Beta in Frameworks */,
				36EEE5952AA48A8D00F9AAFB /* FirebaseAuthCombine-Community in Frameworks */,
				36EEE5B32AA48A8D00F9AAFB /* FirebasePerformance in Frameworks */,
				36EEE5AB2AA48A8D00F9AAFB /* FirebaseInAppMessagingSwift-Beta in Frameworks */,
				36EEE5B92AA48A8D00F9AAFB /* FirebaseStorage in Frameworks */,
				36EEE59D2AA48A8D00F9AAFB /* FirebaseDynamicLinks in Frameworks */,
				36EEE5A12AA48A8D00F9AAFB /* FirebaseFirestoreCombine-Community in Frameworks */,
				36EEE5B12AA48A8D00F9AAFB /* FirebaseMessaging in Frameworks */,
				36EEE5AD2AA48A8D00F9AAFB /* FirebaseInstallations in Frameworks */,
			);
			runOnlyForDeploymentPostprocessing = 0;
		};
/* End PBXFrameworksBuildPhase section */

/* Begin PBXGroup section */
		3619DF0E29F8214B00D08641 = {
			isa = PBXGroup;
			children = (
				36EEE57A2AA0DBBB00F9AAFB /* README.md */,
				3619DF1929F8214B00D08641 /* MyPet */,
				3619DF1829F8214B00D08641 /* Products */,
			);
			sourceTree = "<group>";
		};
		3619DF1829F8214B00D08641 /* Products */ = {
			isa = PBXGroup;
			children = (
				3619DF1729F8214B00D08641 /* MyPet.app */,
			);
			name = Products;
			sourceTree = "<group>";
		};
		3619DF1929F8214B00D08641 /* MyPet */ = {
			isa = PBXGroup;
			children = (
				3619DF1A29F8214B00D08641 /* AppDelegate.swift */,
				3619DF1C29F8214B00D08641 /* SceneDelegate.swift */,
				3619DF7B29FD654200D08641 /* TabBarCoordinator.swift */,
				36EEE5272A97AB3E00F9AAFB /* MainCoordinator.swift */,
				36EEE5482A9CF5C700F9AAFB /* Database */,
				3619DF3B29F995CF00D08641 /* Helpers */,
				3619DF3029F98E6C00D08641 /* Welcome */,
				3619DF5629FAC76500D08641 /* Entry */,
				3619DF8129FD674600D08641 /* Home */,
				3619DF4829F9D77F00D08641 /* Profile */,
				3619DFB42A13824200D08641 /* Photo */,
				365040182A66ED170099DC96 /* EditUser */,
				3650400C2A4B8DCE0099DC96 /* EditPet */,
				362C04752A33B93A00118971 /* AddPost */,
				3619DF7329FBFF8900D08641 /* Liked */,
				3619DF972A0D294400D08641 /* Settings */,
				3619DF6E29FBE2F000D08641 /* Manifesto */,
				3619DF2329F8214C00D08641 /* Assets.xcassets */,
				3619DF2529F8214C00D08641 /* LaunchScreen.storyboard */,
				3619DF2829F8214C00D08641 /* Info.plist */,
				3619DF5129FAC16E00D08641 /* GoogleService-Info.plist */,
				3619DF6A29FAFB5A00D08641 /* Localizable.strings */,
				362C04632A2E7FE300118971 /* Photos.swift */,
				36EEE57F2AA2789200F9AAFB /* Labels.swift */,
			);
			path = MyPet;
			sourceTree = "<group>";
		};
		3619DF3029F98E6C00D08641 /* Welcome */ = {
			isa = PBXGroup;
			children = (
				3619DF3329F98EB300D08641 /* Coordinator */,
				3619DF3429F98ED200D08641 /* Factory */,
				3619DF3829F98F3000D08641 /* ViewModel */,
				3619DF3529F98EDD00D08641 /* View */,
			);
			path = Welcome;
			sourceTree = "<group>";
		};
		3619DF3329F98EB300D08641 /* Coordinator */ = {
			isa = PBXGroup;
			children = (
				3619DF3129F98E8F00D08641 /* WelcomeCoordinator.swift */,
			);
			path = Coordinator;
			sourceTree = "<group>";
		};
		3619DF3429F98ED200D08641 /* Factory */ = {
			isa = PBXGroup;
			children = (
				3619DF3629F98EFD00D08641 /* WelcomeFactory.swift */,
			);
			path = Factory;
			sourceTree = "<group>";
		};
		3619DF3529F98EDD00D08641 /* View */ = {
			isa = PBXGroup;
			children = (
				3619DF1E29F8214B00D08641 /* WelcomeViewController.swift */,
				3619DF2E29F98E1A00D08641 /* WelcomeView.swift */,
			);
			path = View;
			sourceTree = "<group>";
		};
		3619DF3829F98F3000D08641 /* ViewModel */ = {
			isa = PBXGroup;
			children = (
				3619DF3929F98F5B00D08641 /* WelcomeViewModel.swift */,
			);
			path = ViewModel;
			sourceTree = "<group>";
		};
		3619DF3B29F995CF00D08641 /* Helpers */ = {
			isa = PBXGroup;
			children = (
				36EEE52C2A9CEADD00F9AAFB /* UserData.swift */,
				36EEE52E2A9CECEE00F9AAFB /* PetData.swift */,
				3619DFB02A0FB9D300D08641 /* PostData.swift */,
				36EEE57D2AA2767A00F9AAFB /* String.swift */,
				3619DF3C29F995E600D08641 /* Ui */,
			);
			path = Helpers;
			sourceTree = "<group>";
		};
		3619DF3C29F995E600D08641 /* Ui */ = {
			isa = PBXGroup;
			children = (
				3619DF3D29F9960200D08641 /* CustomButton.swift */,
				3619DF4029F9962A00D08641 /* View.swift */,
				3619DF4429F9A82300D08641 /* StackView.swift */,
				3619DF4229F99FB200D08641 /* Colors.swift */,
				3619DF7929FD5D1C00D08641 /* CustomTextField.swift */,
				3619DFAA2A0E921300D08641 /* PostCell.swift */,
				362C04652A2E810600118971 /* PhotosCell.swift */,
				3619DFAC2A0E975A00D08641 /* PostButton.swift */,
				3619DFC62A167B9300D08641 /* PhotoConstans.swift */,
				36EEE5782A9FB1DB00F9AAFB /* UIImageView.swift */,
				36EEE5832AA3CC8400F9AAFB /* UIColor.swift */,
			);
			path = Ui;
			sourceTree = "<group>";
		};
		3619DF4829F9D77F00D08641 /* Profile */ = {
			isa = PBXGroup;
			children = (
				3619DF942A0D28E600D08641 /* Coordinator */,
				3619DF9A2A0D29AB00D08641 /* Factory */,
				3619DF9D2A0D2A1E00D08641 /* ViewModel */,
				3619DF7829FC8ED200D08641 /* View */,
			);
			path = Profile;
			sourceTree = "<group>";
		};
		3619DF5629FAC76500D08641 /* Entry */ = {
			isa = PBXGroup;
			children = (
				36EEE5072A9255F600F9AAFB /* Service */,
				36EEE5042A92558F00F9AAFB /* Inspector */,
				3619DF5929FACD8E00D08641 /* Coordinator */,
				3619DF6229FACF6B00D08641 /* Factory */,
				3619DF6329FACF7900D08641 /* ViewModel */,
				3619DF6429FACF8300D08641 /* View */,
			);
			path = Entry;
			sourceTree = "<group>";
		};
		3619DF5929FACD8E00D08641 /* Coordinator */ = {
			isa = PBXGroup;
			children = (
				3619DF5729FACD8200D08641 /* EntryCoordinator.swift */,
			);
			path = Coordinator;
			sourceTree = "<group>";
		};
		3619DF6229FACF6B00D08641 /* Factory */ = {
			isa = PBXGroup;
			children = (
				3619DF6029FACF5E00D08641 /* EntryFactory.swift */,
			);
			path = Factory;
			sourceTree = "<group>";
		};
		3619DF6329FACF7900D08641 /* ViewModel */ = {
			isa = PBXGroup;
			children = (
				3619DF5E29FACF4900D08641 /* EntryViewModel.swift */,
			);
			path = ViewModel;
			sourceTree = "<group>";
		};
		3619DF6429FACF8300D08641 /* View */ = {
			isa = PBXGroup;
			children = (
				3619DF5C29FACF2400D08641 /* EntryViewController.swift */,
				3619DF5A29FACF0D00D08641 /* EntryView.swift */,
			);
			path = View;
			sourceTree = "<group>";
		};
		3619DF6E29FBE2F000D08641 /* Manifesto */ = {
			isa = PBXGroup;
			children = (
				36EEE4F82A92351E00F9AAFB /* Coordinator */,
				36EEE4F92A92366D00F9AAFB /* Factory */,
				36EEE4FC2A92373400F9AAFB /* ViewModel */,
				36EEE4FF2A92382D00F9AAFB /* View */,
			);
			path = Manifesto;
			sourceTree = "<group>";
		};
		3619DF7329FBFF8900D08641 /* Liked */ = {
			isa = PBXGroup;
			children = (
				3619DF8F29FD734700D08641 /* Coordinator */,
				3619DF9029FD735100D08641 /* Factory */,
				3619DF9329FD73B600D08641 /* ViewModel */,
				3619DF8E29FD733900D08641 /* View */,
			);
			path = Liked;
			sourceTree = "<group>";
		};
		3619DF7829FC8ED200D08641 /* View */ = {
			isa = PBXGroup;
			children = (
				3619DF4B29F9D81000D08641 /* ProfileViewController.swift */,
				3619DF7629FC484200D08641 /* ProfileView.swift */,
				362C04592A2E1CD800118971 /* UserCollectionCell.swift */,
				362C045B2A2E1DC000118971 /* PetCollectionCell.swift */,
				3619DFB22A12E87B00D08641 /* PetView.swift */,
				362C04612A2E731600118971 /* MyPhotosCollectionCell.swift */,
				362C045F2A2E661D00118971 /* MyPostsCollectionCell.swift */,
			);
			path = View;
			sourceTree = "<group>";
		};
		3619DF8129FD674600D08641 /* Home */ = {
			isa = PBXGroup;
			children = (
				3619DF8229FD676500D08641 /* Coordinator */,
				3619DF8329FD677200D08641 /* Factory */,
				3619DF8729FD684F00D08641 /* ViewModel */,
				3619DF8429FD678A00D08641 /* View */,
			);
			path = Home;
			sourceTree = "<group>";
		};
		3619DF8229FD676500D08641 /* Coordinator */ = {
			isa = PBXGroup;
			children = (
				3619DF7D29FD66BB00D08641 /* HomeCoordinator.swift */,
			);
			path = Coordinator;
			sourceTree = "<group>";
		};
		3619DF8329FD677200D08641 /* Factory */ = {
			isa = PBXGroup;
			children = (
				3619DF7F29FD673000D08641 /* HomeFactory.swift */,
			);
			path = Factory;
			sourceTree = "<group>";
		};
		3619DF8429FD678A00D08641 /* View */ = {
			isa = PBXGroup;
			children = (
				3619DF4929F9D7A500D08641 /* HomeViewController.swift */,
				3619DF8529FD682400D08641 /* HomeView.swift */,
				3619DFAE2A0F913200D08641 /* SearchViewController.swift */,
			);
			path = View;
			sourceTree = "<group>";
		};
		3619DF8729FD684F00D08641 /* ViewModel */ = {
			isa = PBXGroup;
			children = (
				3619DF8829FD686000D08641 /* HomeViewModel.swift */,
			);
			path = ViewModel;
			sourceTree = "<group>";
		};
		3619DF8E29FD733900D08641 /* View */ = {
			isa = PBXGroup;
			children = (
				3619DF4D29F9D83A00D08641 /* LikedViewController.swift */,
				3619DF7429FBFFB500D08641 /* LikedView.swift */,
			);
			path = View;
			sourceTree = "<group>";
		};
		3619DF8F29FD734700D08641 /* Coordinator */ = {
			isa = PBXGroup;
			children = (
				3619DF8A29FD731A00D08641 /* LikedCoordinator.swift */,
			);
			path = Coordinator;
			sourceTree = "<group>";
		};
		3619DF9029FD735100D08641 /* Factory */ = {
			isa = PBXGroup;
			children = (
				3619DF8C29FD733200D08641 /* LikedFactory.swift */,
			);
			path = Factory;
			sourceTree = "<group>";
		};
		3619DF9329FD73B600D08641 /* ViewModel */ = {
			isa = PBXGroup;
			children = (
				3619DF9129FD73B000D08641 /* LikedViewModel.swift */,
			);
			path = ViewModel;
			sourceTree = "<group>";
		};
		3619DF942A0D28E600D08641 /* Coordinator */ = {
			isa = PBXGroup;
			children = (
				3619DF952A0D291500D08641 /* ProfileCoordinator.swift */,
			);
			path = Coordinator;
			sourceTree = "<group>";
		};
		3619DF972A0D294400D08641 /* Settings */ = {
			isa = PBXGroup;
			children = (
				3619DF982A0D295900D08641 /* Coordinator */,
				3619DFA02A0D2B7F00D08641 /* Factory */,
				3619DFA12A0D2B9300D08641 /* ViewModel */,
				3619DF992A0D296A00D08641 /* View */,
			);
			path = Settings;
			sourceTree = "<group>";
		};
		3619DF982A0D295900D08641 /* Coordinator */ = {
			isa = PBXGroup;
			children = (
				3619DFA22A0D2BBB00D08641 /* SettingsCoordinator.swift */,
			);
			path = Coordinator;
			sourceTree = "<group>";
		};
		3619DF992A0D296A00D08641 /* View */ = {
			isa = PBXGroup;
			children = (
				3619DF4F29F9D86B00D08641 /* SettingsViewController.swift */,
				3619DFA82A0D2BFE00D08641 /* SettingsView.swift */,
			);
			path = View;
			sourceTree = "<group>";
		};
		3619DF9A2A0D29AB00D08641 /* Factory */ = {
			isa = PBXGroup;
			children = (
				3619DF9B2A0D29D400D08641 /* ProfileFactory.swift */,
			);
			path = Factory;
			sourceTree = "<group>";
		};
		3619DF9D2A0D2A1E00D08641 /* ViewModel */ = {
			isa = PBXGroup;
			children = (
				3619DF9E2A0D2A3100D08641 /* ProfileViewModel.swift */,
			);
			path = ViewModel;
			sourceTree = "<group>";
		};
		3619DFA02A0D2B7F00D08641 /* Factory */ = {
			isa = PBXGroup;
			children = (
				3619DFA42A0D2BD100D08641 /* SettingsFactory.swift */,
			);
			path = Factory;
			sourceTree = "<group>";
		};
		3619DFA12A0D2B9300D08641 /* ViewModel */ = {
			isa = PBXGroup;
			children = (
				3619DFA62A0D2BE500D08641 /* SettingsViewModel.swift */,
			);
			path = ViewModel;
			sourceTree = "<group>";
		};
		3619DFB42A13824200D08641 /* Photo */ = {
			isa = PBXGroup;
			children = (
				3619DFBB2A13848300D08641 /* Coordinator */,
				362C047A2A3CAD7B00118971 /* Factory */,
				3619DFBC2A13849B00D08641 /* View */,
			);
			path = Photo;
			sourceTree = "<group>";
		};
		3619DFBB2A13848300D08641 /* Coordinator */ = {
			isa = PBXGroup;
			children = (
				3619DFB52A13826E00D08641 /* PhotoCoordinator.swift */,
			);
			path = Coordinator;
			sourceTree = "<group>";
		};
		3619DFBC2A13849B00D08641 /* View */ = {
			isa = PBXGroup;
			children = (
				3619DFB72A13828200D08641 /* PhotoViewController.swift */,
			);
			path = View;
			sourceTree = "<group>";
		};
		362C04752A33B93A00118971 /* AddPost */ = {
			isa = PBXGroup;
			children = (
				362C047D2A45EC8F00118971 /* Factory */,
				362C04772A33BC6B00118971 /* ViewModel */,
				362C04762A33B95900118971 /* View */,
			);
			path = AddPost;
			sourceTree = "<group>";
		};
		362C04762A33B95900118971 /* View */ = {
			isa = PBXGroup;
			children = (
				362C046D2A335A0600118971 /* AddPostViewController.swift */,
				362C046F2A335A1600118971 /* AddPostView.swift */,
			);
			path = View;
			sourceTree = "<group>";
		};
		362C04772A33BC6B00118971 /* ViewModel */ = {
			isa = PBXGroup;
			children = (
				362C04782A33BC8000118971 /* AddPostViewModel.swift */,
			);
			path = ViewModel;
			sourceTree = "<group>";
		};
		362C047A2A3CAD7B00118971 /* Factory */ = {
			isa = PBXGroup;
			children = (
				362C047B2A3CAD9E00118971 /* PhotoFactory.swift */,
			);
			path = Factory;
			sourceTree = "<group>";
		};
		362C047D2A45EC8F00118971 /* Factory */ = {
			isa = PBXGroup;
			children = (
				362C047E2A45ECBF00118971 /* AddPostFactory.swift */,
			);
			path = Factory;
			sourceTree = "<group>";
		};
		3650400C2A4B8DCE0099DC96 /* EditPet */ = {
			isa = PBXGroup;
			children = (
				36EEE4F52A9206BC00F9AAFB /* Coordinator */,
				365040162A4B98290099DC96 /* Factory */,
				365040172A4B98370099DC96 /* ViewModel */,
				365040132A4B96F50099DC96 /* View */,
			);
			path = EditPet;
			sourceTree = "<group>";
		};
		365040132A4B96F50099DC96 /* View */ = {
			isa = PBXGroup;
			children = (
				365040112A4B96E70099DC96 /* EditPetViewController.swift */,
				3650400D2A4B92170099DC96 /* EditPetView.swift */,
			);
			path = View;
			sourceTree = "<group>";
		};
		365040162A4B98290099DC96 /* Factory */ = {
			isa = PBXGroup;
			children = (
				365040142A4B98040099DC96 /* EditPetFactory.swift */,
			);
			path = Factory;
			sourceTree = "<group>";
		};
		365040172A4B98370099DC96 /* ViewModel */ = {
			isa = PBXGroup;
			children = (
				3650400F2A4B94510099DC96 /* EditPetViewModel.swift */,
			);
			path = ViewModel;
			sourceTree = "<group>";
		};
		365040182A66ED170099DC96 /* EditUser */ = {
			isa = PBXGroup;
			children = (
				36EEE4F22A92058500F9AAFB /* Coordinator */,
				365040192A66ED370099DC96 /* Factory */,
				3650401A2A66ED440099DC96 /* ViewModel */,
				3650401B2A66ED5B0099DC96 /* View */,
			);
			path = EditUser;
			sourceTree = "<group>";
		};
		365040192A66ED370099DC96 /* Factory */ = {
			isa = PBXGroup;
			children = (
				3650401C2A66ED980099DC96 /* EditUserFactory.swift */,
			);
			path = Factory;
			sourceTree = "<group>";
		};
		3650401A2A66ED440099DC96 /* ViewModel */ = {
			isa = PBXGroup;
			children = (
				3650401E2A66EFA20099DC96 /* EditUserViewModel.swift */,
			);
			path = ViewModel;
			sourceTree = "<group>";
		};
		3650401B2A66ED5B0099DC96 /* View */ = {
			isa = PBXGroup;
			children = (
				365040202A66F0060099DC96 /* EditUserViewController.swift */,
				365040222A66F0850099DC96 /* EditUserView.swift */,
			);
			path = View;
			sourceTree = "<group>";
		};
		36EEE4F22A92058500F9AAFB /* Coordinator */ = {
			isa = PBXGroup;
			children = (
				36EEE4F32A9205D400F9AAFB /* EditUserCoordinator.swift */,
			);
			path = Coordinator;
			sourceTree = "<group>";
		};
		36EEE4F52A9206BC00F9AAFB /* Coordinator */ = {
			isa = PBXGroup;
			children = (
				36EEE4F62A9206FC00F9AAFB /* EditPetCoordinator.swift */,
			);
			path = Coordinator;
			sourceTree = "<group>";
		};
		36EEE4F82A92351E00F9AAFB /* Coordinator */ = {
			isa = PBXGroup;
			children = (
				36EEE5022A923C5900F9AAFB /* ManifestoCoordinator.swift */,
			);
			path = Coordinator;
			sourceTree = "<group>";
		};
		36EEE4F92A92366D00F9AAFB /* Factory */ = {
			isa = PBXGroup;
			children = (
				36EEE4FA2A9236A000F9AAFB /* ManifestoFactory.swift */,
			);
			path = Factory;
			sourceTree = "<group>";
		};
		36EEE4FC2A92373400F9AAFB /* ViewModel */ = {
			isa = PBXGroup;
			children = (
				36EEE4FD2A92375F00F9AAFB /* ManifestoViewModel.swift */,
			);
			path = ViewModel;
			sourceTree = "<group>";
		};
		36EEE4FF2A92382D00F9AAFB /* View */ = {
			isa = PBXGroup;
			children = (
				3619DF6C29FBE28A00D08641 /* ManifestoViewController.swift */,
				36EEE5002A92386200F9AAFB /* ManifestoView.swift */,
			);
			path = View;
			sourceTree = "<group>";
		};
		36EEE5042A92558F00F9AAFB /* Inspector */ = {
			isa = PBXGroup;
			children = (
				36EEE5052A9255B600F9AAFB /* LoginInspector.swift */,
			);
			path = Inspector;
			sourceTree = "<group>";
		};
		36EEE5072A9255F600F9AAFB /* Service */ = {
			isa = PBXGroup;
			children = (
				36EEE5082A92561400F9AAFB /* CheckerService.swift */,
			);
			path = Service;
			sourceTree = "<group>";
		};
		36EEE5482A9CF5C700F9AAFB /* Database */ = {
			isa = PBXGroup;
			children = (
				36EEE5552A9CF8BB00F9AAFB /* DataManager.swift */,
				36EEE5762A9FA46200F9AAFB /* ImageManager.swift */,
			);
			path = Database;
			sourceTree = "<group>";
		};
/* End PBXGroup section */

/* Begin PBXNativeTarget section */
		3619DF1629F8214B00D08641 /* MyPet */ = {
			isa = PBXNativeTarget;
			buildConfigurationList = 3619DF2B29F8214C00D08641 /* Build configuration list for PBXNativeTarget "MyPet" */;
			buildPhases = (
				3619DF1329F8214B00D08641 /* Sources */,
				3619DF1429F8214B00D08641 /* Frameworks */,
				3619DF1529F8214B00D08641 /* Resources */,
			);
			buildRules = (
			);
			dependencies = (
			);
			name = MyPet;
			packageProductDependencies = (
				36EEE5862AA48A8D00F9AAFB /* FirebaseAnalytics */,
				36EEE5882AA48A8D00F9AAFB /* FirebaseAnalyticsOnDeviceConversion */,
				36EEE58A2AA48A8D00F9AAFB /* FirebaseAnalyticsSwift */,
				36EEE58C2AA48A8D00F9AAFB /* FirebaseAnalyticsWithoutAdIdSupport */,
				36EEE58E2AA48A8D00F9AAFB /* FirebaseAppCheck */,
				36EEE5902AA48A8D00F9AAFB /* FirebaseAppDistribution-Beta */,
				36EEE5922AA48A8D00F9AAFB /* FirebaseAuth */,
				36EEE5942AA48A8D00F9AAFB /* FirebaseAuthCombine-Community */,
				36EEE5962AA48A8D00F9AAFB /* FirebaseCrashlytics */,
				36EEE5982AA48A8D00F9AAFB /* FirebaseDatabase */,
				36EEE59A2AA48A8D00F9AAFB /* FirebaseDatabaseSwift */,
				36EEE59C2AA48A8D00F9AAFB /* FirebaseDynamicLinks */,
				36EEE59E2AA48A8D00F9AAFB /* FirebaseFirestore */,
				36EEE5A02AA48A8D00F9AAFB /* FirebaseFirestoreCombine-Community */,
				36EEE5A22AA48A8D00F9AAFB /* FirebaseFirestoreSwift */,
				36EEE5A42AA48A8D00F9AAFB /* FirebaseFunctions */,
				36EEE5A62AA48A8D00F9AAFB /* FirebaseFunctionsCombine-Community */,
				36EEE5A82AA48A8D00F9AAFB /* FirebaseInAppMessaging-Beta */,
				36EEE5AA2AA48A8D00F9AAFB /* FirebaseInAppMessagingSwift-Beta */,
				36EEE5AC2AA48A8D00F9AAFB /* FirebaseInstallations */,
				36EEE5AE2AA48A8D00F9AAFB /* FirebaseMLModelDownloader */,
				36EEE5B02AA48A8D00F9AAFB /* FirebaseMessaging */,
				36EEE5B22AA48A8D00F9AAFB /* FirebasePerformance */,
				36EEE5B42AA48A8D00F9AAFB /* FirebaseRemoteConfig */,
				36EEE5B62AA48A8D00F9AAFB /* FirebaseRemoteConfigSwift */,
				36EEE5B82AA48A8D00F9AAFB /* FirebaseStorage */,
				36EEE5BA2AA48A8D00F9AAFB /* FirebaseStorageCombine-Community */,
			);
			productName = MyPet;
			productReference = 3619DF1729F8214B00D08641 /* MyPet.app */;
			productType = "com.apple.product-type.application";
		};
/* End PBXNativeTarget section */

/* Begin PBXProject section */
		3619DF0F29F8214B00D08641 /* Project object */ = {
			isa = PBXProject;
			attributes = {
				BuildIndependentTargetsInParallel = 1;
				LastSwiftUpdateCheck = 1430;
				LastUpgradeCheck = 1430;
				TargetAttributes = {
					3619DF1629F8214B00D08641 = {
						CreatedOnToolsVersion = 14.3;
					};
				};
			};
			buildConfigurationList = 3619DF1229F8214B00D08641 /* Build configuration list for PBXProject "MyPet" */;
			compatibilityVersion = "Xcode 14.0";
			developmentRegion = en;
			hasScannedForEncodings = 0;
			knownRegions = (
				en,
				Base,
				ru,
			);
			mainGroup = 3619DF0E29F8214B00D08641;
			packageReferences = (
				36EEE5852AA48A8D00F9AAFB /* XCRemoteSwiftPackageReference "firebase-ios-sdk" */,
			);
			productRefGroup = 3619DF1829F8214B00D08641 /* Products */;
			projectDirPath = "";
			projectRoot = "";
			targets = (
				3619DF1629F8214B00D08641 /* MyPet */,
			);
		};
/* End PBXProject section */

/* Begin PBXResourcesBuildPhase section */
		3619DF1529F8214B00D08641 /* Resources */ = {
			isa = PBXResourcesBuildPhase;
			buildActionMask = 2147483647;
			files = (
				3619DF2729F8214C00D08641 /* LaunchScreen.storyboard in Resources */,
				3619DF6829FAFB5A00D08641 /* Localizable.strings in Resources */,
				3619DF5229FAC16E00D08641 /* GoogleService-Info.plist in Resources */,
				3619DF2429F8214C00D08641 /* Assets.xcassets in Resources */,
			);
			runOnlyForDeploymentPostprocessing = 0;
		};
/* End PBXResourcesBuildPhase section */

/* Begin PBXSourcesBuildPhase section */
		3619DF1329F8214B00D08641 /* Sources */ = {
			isa = PBXSourcesBuildPhase;
			buildActionMask = 2147483647;
			files = (
				3619DF5F29FACF4900D08641 /* EntryViewModel.swift in Sources */,
				36EEE5842AA3CC8400F9AAFB /* UIColor.swift in Sources */,
				36EEE5772A9FA46200F9AAFB /* ImageManager.swift in Sources */,
				362C04602A2E661E00118971 /* MyPostsCollectionCell.swift in Sources */,
				362C04662A2E810600118971 /* PhotosCell.swift in Sources */,
				3619DF3729F98EFD00D08641 /* WelcomeFactory.swift in Sources */,
				3619DF9C2A0D29D400D08641 /* ProfileFactory.swift in Sources */,
				365040152A4B98040099DC96 /* EditPetFactory.swift in Sources */,
				3619DF4529F9A82300D08641 /* StackView.swift in Sources */,
				36EEE4FE2A92375F00F9AAFB /* ManifestoViewModel.swift in Sources */,
				36EEE5802AA2789200F9AAFB /* Labels.swift in Sources */,
				3619DF962A0D291500D08641 /* ProfileCoordinator.swift in Sources */,
				3619DF4329F99FB200D08641 /* Colors.swift in Sources */,
				3619DF9229FD73B000D08641 /* LikedViewModel.swift in Sources */,
				3619DFA72A0D2BE500D08641 /* SettingsViewModel.swift in Sources */,
				3619DFA32A0D2BBB00D08641 /* SettingsCoordinator.swift in Sources */,
				3619DF3229F98E8F00D08641 /* WelcomeCoordinator.swift in Sources */,
				3619DF4E29F9D83A00D08641 /* LikedViewController.swift in Sources */,
				36EEE5792A9FB1DB00F9AAFB /* UIImageView.swift in Sources */,
				36EEE4FB2A9236A000F9AAFB /* ManifestoFactory.swift in Sources */,
				365040232A66F0850099DC96 /* EditUserView.swift in Sources */,
				3619DF5D29FACF2400D08641 /* EntryViewController.swift in Sources */,
				36EEE5012A92386200F9AAFB /* ManifestoView.swift in Sources */,
				362C047C2A3CAD9E00118971 /* PhotoFactory.swift in Sources */,
				3619DF8B29FD731A00D08641 /* LikedCoordinator.swift in Sources */,
				3619DF6129FACF5E00D08641 /* EntryFactory.swift in Sources */,
				3619DFB82A13828200D08641 /* PhotoViewController.swift in Sources */,
				36EEE5092A92561400F9AAFB /* CheckerService.swift in Sources */,
				362C045C2A2E1DC000118971 /* PetCollectionCell.swift in Sources */,
				3619DFC72A167B9300D08641 /* PhotoConstans.swift in Sources */,
				3619DFAF2A0F913200D08641 /* SearchViewController.swift in Sources */,
				3619DF8029FD673000D08641 /* HomeFactory.swift in Sources */,
				3619DF7A29FD5D1C00D08641 /* CustomTextField.swift in Sources */,
				3619DFAB2A0E921300D08641 /* PostCell.swift in Sources */,
				362C04642A2E7FE300118971 /* Photos.swift in Sources */,
				36EEE4F42A9205D400F9AAFB /* EditUserCoordinator.swift in Sources */,
				3619DF4C29F9D81000D08641 /* ProfileViewController.swift in Sources */,
				365040122A4B96E70099DC96 /* EditPetViewController.swift in Sources */,
				3619DF8629FD682400D08641 /* HomeView.swift in Sources */,
				3619DF8D29FD733200D08641 /* LikedFactory.swift in Sources */,
				36EEE5562A9CF8BB00F9AAFB /* DataManager.swift in Sources */,
				3619DF8929FD686000D08641 /* HomeViewModel.swift in Sources */,
				3619DFB12A0FB9D300D08641 /* PostData.swift in Sources */,
				3619DF1F29F8214B00D08641 /* WelcomeViewController.swift in Sources */,
				362C045A2A2E1CD800118971 /* UserCollectionCell.swift in Sources */,
				362C04792A33BC8000118971 /* AddPostViewModel.swift in Sources */,
				3619DFA52A0D2BD100D08641 /* SettingsFactory.swift in Sources */,
				362C04702A335A1600118971 /* AddPostView.swift in Sources */,
				3619DF5829FACD8200D08641 /* EntryCoordinator.swift in Sources */,
				3619DFB62A13826E00D08641 /* PhotoCoordinator.swift in Sources */,
				3619DFAD2A0E975A00D08641 /* PostButton.swift in Sources */,
				362C04622A2E731600118971 /* MyPhotosCollectionCell.swift in Sources */,
				3619DF5029F9D86B00D08641 /* SettingsViewController.swift in Sources */,
				36EEE52F2A9CECEE00F9AAFB /* PetData.swift in Sources */,
				3619DFA92A0D2BFE00D08641 /* SettingsView.swift in Sources */,
				36EEE5282A97AB3E00F9AAFB /* MainCoordinator.swift in Sources */,
				36EEE5062A9255B600F9AAFB /* LoginInspector.swift in Sources */,
				365040212A66F0060099DC96 /* EditUserViewController.swift in Sources */,
				3619DF3A29F98F5B00D08641 /* WelcomeViewModel.swift in Sources */,
				3619DF3E29F9960200D08641 /* CustomButton.swift in Sources */,
				365040102A4B94510099DC96 /* EditPetViewModel.swift in Sources */,
				3619DF4129F9962A00D08641 /* View.swift in Sources */,
				3619DF7729FC484200D08641 /* ProfileView.swift in Sources */,
				3619DF1B29F8214B00D08641 /* AppDelegate.swift in Sources */,
				3650401D2A66ED980099DC96 /* EditUserFactory.swift in Sources */,
				3619DF2F29F98E1A00D08641 /* WelcomeView.swift in Sources */,
				36EEE5032A923C5900F9AAFB /* ManifestoCoordinator.swift in Sources */,
				362C046E2A335A0600118971 /* AddPostViewController.swift in Sources */,
				3650401F2A66EFA20099DC96 /* EditUserViewModel.swift in Sources */,
				3619DF7E29FD66BB00D08641 /* HomeCoordinator.swift in Sources */,
				3619DF4A29F9D7A500D08641 /* HomeViewController.swift in Sources */,
				3650400E2A4B92170099DC96 /* EditPetView.swift in Sources */,
				3619DF9F2A0D2A3100D08641 /* ProfileViewModel.swift in Sources */,
				36EEE57E2AA2767A00F9AAFB /* String.swift in Sources */,
				3619DFB32A12E87B00D08641 /* PetView.swift in Sources */,
				36EEE52D2A9CEADD00F9AAFB /* UserData.swift in Sources */,
				3619DF7529FBFFB500D08641 /* LikedView.swift in Sources */,
				362C047F2A45ECBF00118971 /* AddPostFactory.swift in Sources */,
				3619DF5B29FACF0D00D08641 /* EntryView.swift in Sources */,
				3619DF6D29FBE28A00D08641 /* ManifestoViewController.swift in Sources */,
				3619DF7C29FD654200D08641 /* TabBarCoordinator.swift in Sources */,
				36EEE4F72A9206FC00F9AAFB /* EditPetCoordinator.swift in Sources */,
				3619DF1D29F8214B00D08641 /* SceneDelegate.swift in Sources */,
			);
			runOnlyForDeploymentPostprocessing = 0;
		};
/* End PBXSourcesBuildPhase section */

/* Begin PBXVariantGroup section */
		3619DF2529F8214C00D08641 /* LaunchScreen.storyboard */ = {
			isa = PBXVariantGroup;
			children = (
				3619DF2629F8214C00D08641 /* Base */,
				3619DF6529FAF9FB00D08641 /* ru */,
				3619DF7229FBF70000D08641 /* en */,
			);
			name = LaunchScreen.storyboard;
			sourceTree = "<group>";
		};
		3619DF6A29FAFB5A00D08641 /* Localizable.strings */ = {
			isa = PBXVariantGroup;
			children = (
				3619DF6929FAFB5A00D08641 /* en */,
				3619DF6B29FAFB6000D08641 /* ru */,
			);
			name = Localizable.strings;
			sourceTree = "<group>";
		};
/* End PBXVariantGroup section */

/* Begin XCBuildConfiguration section */
		3619DF2929F8214C00D08641 /* Debug */ = {
			isa = XCBuildConfiguration;
			buildSettings = {
				ALWAYS_SEARCH_USER_PATHS = NO;
				CLANG_ANALYZER_LOCALIZABILITY_NONLOCALIZED = YES;
				CLANG_ANALYZER_NONNULL = YES;
				CLANG_ANALYZER_NUMBER_OBJECT_CONVERSION = YES_AGGRESSIVE;
				CLANG_CXX_LANGUAGE_STANDARD = "gnu++20";
				CLANG_ENABLE_MODULES = YES;
				CLANG_ENABLE_OBJC_ARC = YES;
				CLANG_ENABLE_OBJC_WEAK = YES;
				CLANG_WARN_BLOCK_CAPTURE_AUTORELEASING = YES;
				CLANG_WARN_BOOL_CONVERSION = YES;
				CLANG_WARN_COMMA = YES;
				CLANG_WARN_CONSTANT_CONVERSION = YES;
				CLANG_WARN_DEPRECATED_OBJC_IMPLEMENTATIONS = YES;
				CLANG_WARN_DIRECT_OBJC_ISA_USAGE = YES_ERROR;
				CLANG_WARN_DOCUMENTATION_COMMENTS = YES;
				CLANG_WARN_EMPTY_BODY = YES;
				CLANG_WARN_ENUM_CONVERSION = YES;
				CLANG_WARN_INFINITE_RECURSION = YES;
				CLANG_WARN_INT_CONVERSION = YES;
				CLANG_WARN_NON_LITERAL_NULL_CONVERSION = YES;
				CLANG_WARN_OBJC_IMPLICIT_RETAIN_SELF = YES;
				CLANG_WARN_OBJC_LITERAL_CONVERSION = YES;
				CLANG_WARN_OBJC_ROOT_CLASS = YES_ERROR;
				CLANG_WARN_QUOTED_INCLUDE_IN_FRAMEWORK_HEADER = YES;
				CLANG_WARN_RANGE_LOOP_ANALYSIS = YES;
				CLANG_WARN_STRICT_PROTOTYPES = YES;
				CLANG_WARN_SUSPICIOUS_MOVE = YES;
				CLANG_WARN_UNGUARDED_AVAILABILITY = YES_AGGRESSIVE;
				CLANG_WARN_UNREACHABLE_CODE = YES;
				CLANG_WARN__DUPLICATE_METHOD_MATCH = YES;
				COPY_PHASE_STRIP = NO;
				DEBUG_INFORMATION_FORMAT = dwarf;
				ENABLE_STRICT_OBJC_MSGSEND = YES;
				ENABLE_TESTABILITY = YES;
				GCC_C_LANGUAGE_STANDARD = gnu11;
				GCC_DYNAMIC_NO_PIC = NO;
				GCC_NO_COMMON_BLOCKS = YES;
				GCC_OPTIMIZATION_LEVEL = 0;
				GCC_PREPROCESSOR_DEFINITIONS = (
					"DEBUG=1",
					"$(inherited)",
				);
				GCC_WARN_64_TO_32_BIT_CONVERSION = YES;
				GCC_WARN_ABOUT_RETURN_TYPE = YES_ERROR;
				GCC_WARN_UNDECLARED_SELECTOR = YES;
				GCC_WARN_UNINITIALIZED_AUTOS = YES_AGGRESSIVE;
				GCC_WARN_UNUSED_FUNCTION = YES;
				GCC_WARN_UNUSED_VARIABLE = YES;
				IPHONEOS_DEPLOYMENT_TARGET = 16.4;
				MTL_ENABLE_DEBUG_INFO = INCLUDE_SOURCE;
				MTL_FAST_MATH = YES;
				ONLY_ACTIVE_ARCH = YES;
				SDKROOT = iphoneos;
				SWIFT_ACTIVE_COMPILATION_CONDITIONS = DEBUG;
				SWIFT_OPTIMIZATION_LEVEL = "-Onone";
			};
			name = Debug;
		};
		3619DF2A29F8214C00D08641 /* Release */ = {
			isa = XCBuildConfiguration;
			buildSettings = {
				ALWAYS_SEARCH_USER_PATHS = NO;
				CLANG_ANALYZER_LOCALIZABILITY_NONLOCALIZED = YES;
				CLANG_ANALYZER_NONNULL = YES;
				CLANG_ANALYZER_NUMBER_OBJECT_CONVERSION = YES_AGGRESSIVE;
				CLANG_CXX_LANGUAGE_STANDARD = "gnu++20";
				CLANG_ENABLE_MODULES = YES;
				CLANG_ENABLE_OBJC_ARC = YES;
				CLANG_ENABLE_OBJC_WEAK = YES;
				CLANG_WARN_BLOCK_CAPTURE_AUTORELEASING = YES;
				CLANG_WARN_BOOL_CONVERSION = YES;
				CLANG_WARN_COMMA = YES;
				CLANG_WARN_CONSTANT_CONVERSION = YES;
				CLANG_WARN_DEPRECATED_OBJC_IMPLEMENTATIONS = YES;
				CLANG_WARN_DIRECT_OBJC_ISA_USAGE = YES_ERROR;
				CLANG_WARN_DOCUMENTATION_COMMENTS = YES;
				CLANG_WARN_EMPTY_BODY = YES;
				CLANG_WARN_ENUM_CONVERSION = YES;
				CLANG_WARN_INFINITE_RECURSION = YES;
				CLANG_WARN_INT_CONVERSION = YES;
				CLANG_WARN_NON_LITERAL_NULL_CONVERSION = YES;
				CLANG_WARN_OBJC_IMPLICIT_RETAIN_SELF = YES;
				CLANG_WARN_OBJC_LITERAL_CONVERSION = YES;
				CLANG_WARN_OBJC_ROOT_CLASS = YES_ERROR;
				CLANG_WARN_QUOTED_INCLUDE_IN_FRAMEWORK_HEADER = YES;
				CLANG_WARN_RANGE_LOOP_ANALYSIS = YES;
				CLANG_WARN_STRICT_PROTOTYPES = YES;
				CLANG_WARN_SUSPICIOUS_MOVE = YES;
				CLANG_WARN_UNGUARDED_AVAILABILITY = YES_AGGRESSIVE;
				CLANG_WARN_UNREACHABLE_CODE = YES;
				CLANG_WARN__DUPLICATE_METHOD_MATCH = YES;
				COPY_PHASE_STRIP = NO;
				DEBUG_INFORMATION_FORMAT = "dwarf-with-dsym";
				ENABLE_NS_ASSERTIONS = NO;
				ENABLE_STRICT_OBJC_MSGSEND = YES;
				GCC_C_LANGUAGE_STANDARD = gnu11;
				GCC_NO_COMMON_BLOCKS = YES;
				GCC_WARN_64_TO_32_BIT_CONVERSION = YES;
				GCC_WARN_ABOUT_RETURN_TYPE = YES_ERROR;
				GCC_WARN_UNDECLARED_SELECTOR = YES;
				GCC_WARN_UNINITIALIZED_AUTOS = YES_AGGRESSIVE;
				GCC_WARN_UNUSED_FUNCTION = YES;
				GCC_WARN_UNUSED_VARIABLE = YES;
				IPHONEOS_DEPLOYMENT_TARGET = 16.4;
				MTL_ENABLE_DEBUG_INFO = NO;
				MTL_FAST_MATH = YES;
				SDKROOT = iphoneos;
				SWIFT_COMPILATION_MODE = wholemodule;
				SWIFT_OPTIMIZATION_LEVEL = "-O";
				VALIDATE_PRODUCT = YES;
			};
			name = Release;
		};
		3619DF2C29F8214C00D08641 /* Debug */ = {
			isa = XCBuildConfiguration;
			buildSettings = {
				ASSETCATALOG_COMPILER_APPICON_NAME = AppIcon;
				ASSETCATALOG_COMPILER_GLOBAL_ACCENT_COLOR_NAME = AccentColor;
				CODE_SIGN_STYLE = Automatic;
				CURRENT_PROJECT_VERSION = 1;
				DEVELOPMENT_TEAM = N4Z8VJLZRX;
				GENERATE_INFOPLIST_FILE = YES;
				INFOPLIST_FILE = MyPet/Info.plist;
				INFOPLIST_KEY_UIApplicationSupportsIndirectInputEvents = YES;
				INFOPLIST_KEY_UILaunchStoryboardName = LaunchScreen;
				INFOPLIST_KEY_UISupportedInterfaceOrientations = UIInterfaceOrientationPortrait;
				INFOPLIST_KEY_UISupportedInterfaceOrientations_iPad = "UIInterfaceOrientationPortrait UIInterfaceOrientationPortraitUpsideDown";
				IPHONEOS_DEPLOYMENT_TARGET = 14.0;
				LD_RUNPATH_SEARCH_PATHS = (
					"$(inherited)",
					"@executable_path/Frameworks",
				);
				MARKETING_VERSION = 1.0;
				PRODUCT_BUNDLE_IDENTIFIER = "-.MyPet";
				PRODUCT_NAME = "$(TARGET_NAME)";
				SWIFT_EMIT_LOC_STRINGS = YES;
				SWIFT_VERSION = 5.0;
				TARGETED_DEVICE_FAMILY = "1,2";
			};
			name = Debug;
		};
		3619DF2D29F8214C00D08641 /* Release */ = {
			isa = XCBuildConfiguration;
			buildSettings = {
				ASSETCATALOG_COMPILER_APPICON_NAME = AppIcon;
				ASSETCATALOG_COMPILER_GLOBAL_ACCENT_COLOR_NAME = AccentColor;
				CODE_SIGN_STYLE = Automatic;
				CURRENT_PROJECT_VERSION = 1;
				DEVELOPMENT_TEAM = N4Z8VJLZRX;
				GENERATE_INFOPLIST_FILE = YES;
				INFOPLIST_FILE = MyPet/Info.plist;
				INFOPLIST_KEY_UIApplicationSupportsIndirectInputEvents = YES;
				INFOPLIST_KEY_UILaunchStoryboardName = LaunchScreen;
				INFOPLIST_KEY_UISupportedInterfaceOrientations = UIInterfaceOrientationPortrait;
				INFOPLIST_KEY_UISupportedInterfaceOrientations_iPad = "UIInterfaceOrientationPortrait UIInterfaceOrientationPortraitUpsideDown";
				IPHONEOS_DEPLOYMENT_TARGET = 14.0;
				LD_RUNPATH_SEARCH_PATHS = (
					"$(inherited)",
					"@executable_path/Frameworks",
				);
				MARKETING_VERSION = 1.0;
				PRODUCT_BUNDLE_IDENTIFIER = "-.MyPet";
				PRODUCT_NAME = "$(TARGET_NAME)";
				SWIFT_EMIT_LOC_STRINGS = YES;
				SWIFT_VERSION = 5.0;
				TARGETED_DEVICE_FAMILY = "1,2";
			};
			name = Release;
		};
/* End XCBuildConfiguration section */

/* Begin XCConfigurationList section */
		3619DF1229F8214B00D08641 /* Build configuration list for PBXProject "MyPet" */ = {
			isa = XCConfigurationList;
			buildConfigurations = (
				3619DF2929F8214C00D08641 /* Debug */,
				3619DF2A29F8214C00D08641 /* Release */,
			);
			defaultConfigurationIsVisible = 0;
			defaultConfigurationName = Release;
		};
		3619DF2B29F8214C00D08641 /* Build configuration list for PBXNativeTarget "MyPet" */ = {
			isa = XCConfigurationList;
			buildConfigurations = (
				3619DF2C29F8214C00D08641 /* Debug */,
				3619DF2D29F8214C00D08641 /* Release */,
			);
			defaultConfigurationIsVisible = 0;
			defaultConfigurationName = Release;
		};
/* End XCConfigurationList section */

/* Begin XCRemoteSwiftPackageReference section */
		36EEE5852AA48A8D00F9AAFB /* XCRemoteSwiftPackageReference "firebase-ios-sdk" */ = {
			isa = XCRemoteSwiftPackageReference;
			repositoryURL = "https://github.com/firebase/firebase-ios-sdk";
			requirement = {
				kind = upToNextMajorVersion;
				minimumVersion = 10.0.0;
			};
		};
/* End XCRemoteSwiftPackageReference section */

/* Begin XCSwiftPackageProductDependency section */
		36EEE5862AA48A8D00F9AAFB /* FirebaseAnalytics */ = {
			isa = XCSwiftPackageProductDependency;
			package = 36EEE5852AA48A8D00F9AAFB /* XCRemoteSwiftPackageReference "firebase-ios-sdk" */;
			productName = FirebaseAnalytics;
		};
		36EEE5882AA48A8D00F9AAFB /* FirebaseAnalyticsOnDeviceConversion */ = {
			isa = XCSwiftPackageProductDependency;
			package = 36EEE5852AA48A8D00F9AAFB /* XCRemoteSwiftPackageReference "firebase-ios-sdk" */;
			productName = FirebaseAnalyticsOnDeviceConversion;
		};
		36EEE58A2AA48A8D00F9AAFB /* FirebaseAnalyticsSwift */ = {
			isa = XCSwiftPackageProductDependency;
			package = 36EEE5852AA48A8D00F9AAFB /* XCRemoteSwiftPackageReference "firebase-ios-sdk" */;
			productName = FirebaseAnalyticsSwift;
		};
		36EEE58C2AA48A8D00F9AAFB /* FirebaseAnalyticsWithoutAdIdSupport */ = {
			isa = XCSwiftPackageProductDependency;
			package = 36EEE5852AA48A8D00F9AAFB /* XCRemoteSwiftPackageReference "firebase-ios-sdk" */;
			productName = FirebaseAnalyticsWithoutAdIdSupport;
		};
		36EEE58E2AA48A8D00F9AAFB /* FirebaseAppCheck */ = {
			isa = XCSwiftPackageProductDependency;
			package = 36EEE5852AA48A8D00F9AAFB /* XCRemoteSwiftPackageReference "firebase-ios-sdk" */;
			productName = FirebaseAppCheck;
		};
		36EEE5902AA48A8D00F9AAFB /* FirebaseAppDistribution-Beta */ = {
			isa = XCSwiftPackageProductDependency;
			package = 36EEE5852AA48A8D00F9AAFB /* XCRemoteSwiftPackageReference "firebase-ios-sdk" */;
			productName = "FirebaseAppDistribution-Beta";
		};
		36EEE5922AA48A8D00F9AAFB /* FirebaseAuth */ = {
			isa = XCSwiftPackageProductDependency;
			package = 36EEE5852AA48A8D00F9AAFB /* XCRemoteSwiftPackageReference "firebase-ios-sdk" */;
			productName = FirebaseAuth;
		};
		36EEE5942AA48A8D00F9AAFB /* FirebaseAuthCombine-Community */ = {
			isa = XCSwiftPackageProductDependency;
			package = 36EEE5852AA48A8D00F9AAFB /* XCRemoteSwiftPackageReference "firebase-ios-sdk" */;
			productName = "FirebaseAuthCombine-Community";
		};
		36EEE5962AA48A8D00F9AAFB /* FirebaseCrashlytics */ = {
			isa = XCSwiftPackageProductDependency;
			package = 36EEE5852AA48A8D00F9AAFB /* XCRemoteSwiftPackageReference "firebase-ios-sdk" */;
			productName = FirebaseCrashlytics;
		};
		36EEE5982AA48A8D00F9AAFB /* FirebaseDatabase */ = {
			isa = XCSwiftPackageProductDependency;
			package = 36EEE5852AA48A8D00F9AAFB /* XCRemoteSwiftPackageReference "firebase-ios-sdk" */;
			productName = FirebaseDatabase;
		};
		36EEE59A2AA48A8D00F9AAFB /* FirebaseDatabaseSwift */ = {
			isa = XCSwiftPackageProductDependency;
			package = 36EEE5852AA48A8D00F9AAFB /* XCRemoteSwiftPackageReference "firebase-ios-sdk" */;
			productName = FirebaseDatabaseSwift;
		};
		36EEE59C2AA48A8D00F9AAFB /* FirebaseDynamicLinks */ = {
			isa = XCSwiftPackageProductDependency;
			package = 36EEE5852AA48A8D00F9AAFB /* XCRemoteSwiftPackageReference "firebase-ios-sdk" */;
			productName = FirebaseDynamicLinks;
		};
		36EEE59E2AA48A8D00F9AAFB /* FirebaseFirestore */ = {
			isa = XCSwiftPackageProductDependency;
			package = 36EEE5852AA48A8D00F9AAFB /* XCRemoteSwiftPackageReference "firebase-ios-sdk" */;
			productName = FirebaseFirestore;
		};
		36EEE5A02AA48A8D00F9AAFB /* FirebaseFirestoreCombine-Community */ = {
			isa = XCSwiftPackageProductDependency;
			package = 36EEE5852AA48A8D00F9AAFB /* XCRemoteSwiftPackageReference "firebase-ios-sdk" */;
			productName = "FirebaseFirestoreCombine-Community";
		};
		36EEE5A22AA48A8D00F9AAFB /* FirebaseFirestoreSwift */ = {
			isa = XCSwiftPackageProductDependency;
			package = 36EEE5852AA48A8D00F9AAFB /* XCRemoteSwiftPackageReference "firebase-ios-sdk" */;
			productName = FirebaseFirestoreSwift;
		};
		36EEE5A42AA48A8D00F9AAFB /* FirebaseFunctions */ = {
			isa = XCSwiftPackageProductDependency;
			package = 36EEE5852AA48A8D00F9AAFB /* XCRemoteSwiftPackageReference "firebase-ios-sdk" */;
			productName = FirebaseFunctions;
		};
		36EEE5A62AA48A8D00F9AAFB /* FirebaseFunctionsCombine-Community */ = {
			isa = XCSwiftPackageProductDependency;
			package = 36EEE5852AA48A8D00F9AAFB /* XCRemoteSwiftPackageReference "firebase-ios-sdk" */;
			productName = "FirebaseFunctionsCombine-Community";
		};
		36EEE5A82AA48A8D00F9AAFB /* FirebaseInAppMessaging-Beta */ = {
			isa = XCSwiftPackageProductDependency;
			package = 36EEE5852AA48A8D00F9AAFB /* XCRemoteSwiftPackageReference "firebase-ios-sdk" */;
			productName = "FirebaseInAppMessaging-Beta";
		};
		36EEE5AA2AA48A8D00F9AAFB /* FirebaseInAppMessagingSwift-Beta */ = {
			isa = XCSwiftPackageProductDependency;
			package = 36EEE5852AA48A8D00F9AAFB /* XCRemoteSwiftPackageReference "firebase-ios-sdk" */;
			productName = "FirebaseInAppMessagingSwift-Beta";
		};
		36EEE5AC2AA48A8D00F9AAFB /* FirebaseInstallations */ = {
			isa = XCSwiftPackageProductDependency;
			package = 36EEE5852AA48A8D00F9AAFB /* XCRemoteSwiftPackageReference "firebase-ios-sdk" */;
			productName = FirebaseInstallations;
		};
		36EEE5AE2AA48A8D00F9AAFB /* FirebaseMLModelDownloader */ = {
			isa = XCSwiftPackageProductDependency;
			package = 36EEE5852AA48A8D00F9AAFB /* XCRemoteSwiftPackageReference "firebase-ios-sdk" */;
			productName = FirebaseMLModelDownloader;
		};
		36EEE5B02AA48A8D00F9AAFB /* FirebaseMessaging */ = {
			isa = XCSwiftPackageProductDependency;
			package = 36EEE5852AA48A8D00F9AAFB /* XCRemoteSwiftPackageReference "firebase-ios-sdk" */;
			productName = FirebaseMessaging;
		};
		36EEE5B22AA48A8D00F9AAFB /* FirebasePerformance */ = {
			isa = XCSwiftPackageProductDependency;
			package = 36EEE5852AA48A8D00F9AAFB /* XCRemoteSwiftPackageReference "firebase-ios-sdk" */;
			productName = FirebasePerformance;
		};
		36EEE5B42AA48A8D00F9AAFB /* FirebaseRemoteConfig */ = {
			isa = XCSwiftPackageProductDependency;
			package = 36EEE5852AA48A8D00F9AAFB /* XCRemoteSwiftPackageReference "firebase-ios-sdk" */;
			productName = FirebaseRemoteConfig;
		};
		36EEE5B62AA48A8D00F9AAFB /* FirebaseRemoteConfigSwift */ = {
			isa = XCSwiftPackageProductDependency;
			package = 36EEE5852AA48A8D00F9AAFB /* XCRemoteSwiftPackageReference "firebase-ios-sdk" */;
			productName = FirebaseRemoteConfigSwift;
		};
		36EEE5B82AA48A8D00F9AAFB /* FirebaseStorage */ = {
			isa = XCSwiftPackageProductDependency;
			package = 36EEE5852AA48A8D00F9AAFB /* XCRemoteSwiftPackageReference "firebase-ios-sdk" */;
			productName = FirebaseStorage;
		};
		36EEE5BA2AA48A8D00F9AAFB /* FirebaseStorageCombine-Community */ = {
			isa = XCSwiftPackageProductDependency;
			package = 36EEE5852AA48A8D00F9AAFB /* XCRemoteSwiftPackageReference "firebase-ios-sdk" */;
			productName = "FirebaseStorageCombine-Community";
		};
/* End XCSwiftPackageProductDependency section */
	};
	rootObject = 3619DF0F29F8214B00D08641 /* Project object */;
}
