// !$*UTF8*$!
{
	archiveVersion = 1;
	classes = {
	};
	objectVersion = 56;
	objects = {

/* Begin PBXBuildFile section */
		3619DF1B29F8214B00D08641 /* AppDelegate.swift in Sources */ = {isa = PBXBuildFile; fileRef = 3619DF1A29F8214B00D08641 /* AppDelegate.swift */; };
		3619DF1D29F8214B00D08641 /* SceneDelegate.swift in Sources */ = {isa = PBXBuildFile; fileRef = 3619DF1C29F8214B00D08641 /* SceneDelegate.swift */; };
		3619DF1F29F8214B00D08641 /* AuthViewController.swift in Sources */ = {isa = PBXBuildFile; fileRef = 3619DF1E29F8214B00D08641 /* AuthViewController.swift */; };
		3619DF2429F8214C00D08641 /* Assets.xcassets in Resources */ = {isa = PBXBuildFile; fileRef = 3619DF2329F8214C00D08641 /* Assets.xcassets */; };
		3619DF2729F8214C00D08641 /* LaunchScreen.storyboard in Resources */ = {isa = PBXBuildFile; fileRef = 3619DF2529F8214C00D08641 /* LaunchScreen.storyboard */; };
		3619DF2F29F98E1A00D08641 /* AuthView.swift in Sources */ = {isa = PBXBuildFile; fileRef = 3619DF2E29F98E1A00D08641 /* AuthView.swift */; };
		3619DF3229F98E8F00D08641 /* AuthCoordinator.swift in Sources */ = {isa = PBXBuildFile; fileRef = 3619DF3129F98E8F00D08641 /* AuthCoordinator.swift */; };
		3619DF3729F98EFD00D08641 /* AuthFactory.swift in Sources */ = {isa = PBXBuildFile; fileRef = 3619DF3629F98EFD00D08641 /* AuthFactory.swift */; };
		3619DF3A29F98F5B00D08641 /* AuthViewModel.swift in Sources */ = {isa = PBXBuildFile; fileRef = 3619DF3929F98F5B00D08641 /* AuthViewModel.swift */; };
		3619DF3E29F9960200D08641 /* CustomButton.swift in Sources */ = {isa = PBXBuildFile; fileRef = 3619DF3D29F9960200D08641 /* CustomButton.swift */; };
		3619DF4129F9962A00D08641 /* View.swift in Sources */ = {isa = PBXBuildFile; fileRef = 3619DF4029F9962A00D08641 /* View.swift */; };
		3619DF4329F99FB200D08641 /* Colors.swift in Sources */ = {isa = PBXBuildFile; fileRef = 3619DF4229F99FB200D08641 /* Colors.swift */; };
		3619DF4529F9A82300D08641 /* StackView.swift in Sources */ = {isa = PBXBuildFile; fileRef = 3619DF4429F9A82300D08641 /* StackView.swift */; };
		3619DF4A29F9D7A500D08641 /* HomeViewController.swift in Sources */ = {isa = PBXBuildFile; fileRef = 3619DF4929F9D7A500D08641 /* HomeViewController.swift */; };
		3619DF4C29F9D81000D08641 /* ProfileViewController.swift in Sources */ = {isa = PBXBuildFile; fileRef = 3619DF4B29F9D81000D08641 /* ProfileViewController.swift */; };
		3619DF4E29F9D83A00D08641 /* LikedViewController.swift in Sources */ = {isa = PBXBuildFile; fileRef = 3619DF4D29F9D83A00D08641 /* LikedViewController.swift */; };
		3619DF5029F9D86B00D08641 /* SettingsViewController.swift in Sources */ = {isa = PBXBuildFile; fileRef = 3619DF4F29F9D86B00D08641 /* SettingsViewController.swift */; };
/* End PBXBuildFile section */

/* Begin PBXFileReference section */
		3619DF1729F8214B00D08641 /* MyPet.app */ = {isa = PBXFileReference; explicitFileType = wrapper.application; includeInIndex = 0; path = MyPet.app; sourceTree = BUILT_PRODUCTS_DIR; };
		3619DF1A29F8214B00D08641 /* AppDelegate.swift */ = {isa = PBXFileReference; lastKnownFileType = sourcecode.swift; path = AppDelegate.swift; sourceTree = "<group>"; };
		3619DF1C29F8214B00D08641 /* SceneDelegate.swift */ = {isa = PBXFileReference; lastKnownFileType = sourcecode.swift; path = SceneDelegate.swift; sourceTree = "<group>"; };
		3619DF1E29F8214B00D08641 /* AuthViewController.swift */ = {isa = PBXFileReference; lastKnownFileType = sourcecode.swift; path = AuthViewController.swift; sourceTree = "<group>"; };
		3619DF2329F8214C00D08641 /* Assets.xcassets */ = {isa = PBXFileReference; lastKnownFileType = folder.assetcatalog; path = Assets.xcassets; sourceTree = "<group>"; };
		3619DF2629F8214C00D08641 /* Base */ = {isa = PBXFileReference; lastKnownFileType = file.storyboard; name = Base; path = Base.lproj/LaunchScreen.storyboard; sourceTree = "<group>"; };
		3619DF2829F8214C00D08641 /* Info.plist */ = {isa = PBXFileReference; lastKnownFileType = text.plist.xml; path = Info.plist; sourceTree = "<group>"; };
		3619DF2E29F98E1A00D08641 /* AuthView.swift */ = {isa = PBXFileReference; lastKnownFileType = sourcecode.swift; path = AuthView.swift; sourceTree = "<group>"; };
		3619DF3129F98E8F00D08641 /* AuthCoordinator.swift */ = {isa = PBXFileReference; lastKnownFileType = sourcecode.swift; path = AuthCoordinator.swift; sourceTree = "<group>"; };
		3619DF3629F98EFD00D08641 /* AuthFactory.swift */ = {isa = PBXFileReference; lastKnownFileType = sourcecode.swift; path = AuthFactory.swift; sourceTree = "<group>"; };
		3619DF3929F98F5B00D08641 /* AuthViewModel.swift */ = {isa = PBXFileReference; lastKnownFileType = sourcecode.swift; path = AuthViewModel.swift; sourceTree = "<group>"; };
		3619DF3D29F9960200D08641 /* CustomButton.swift */ = {isa = PBXFileReference; lastKnownFileType = sourcecode.swift; path = CustomButton.swift; sourceTree = "<group>"; };
		3619DF4029F9962A00D08641 /* View.swift */ = {isa = PBXFileReference; lastKnownFileType = sourcecode.swift; path = View.swift; sourceTree = "<group>"; };
		3619DF4229F99FB200D08641 /* Colors.swift */ = {isa = PBXFileReference; lastKnownFileType = sourcecode.swift; path = Colors.swift; sourceTree = "<group>"; };
		3619DF4429F9A82300D08641 /* StackView.swift */ = {isa = PBXFileReference; lastKnownFileType = sourcecode.swift; path = StackView.swift; sourceTree = "<group>"; };
		3619DF4929F9D7A500D08641 /* HomeViewController.swift */ = {isa = PBXFileReference; lastKnownFileType = sourcecode.swift; path = HomeViewController.swift; sourceTree = "<group>"; };
		3619DF4B29F9D81000D08641 /* ProfileViewController.swift */ = {isa = PBXFileReference; lastKnownFileType = sourcecode.swift; path = ProfileViewController.swift; sourceTree = "<group>"; };
		3619DF4D29F9D83A00D08641 /* LikedViewController.swift */ = {isa = PBXFileReference; lastKnownFileType = sourcecode.swift; path = LikedViewController.swift; sourceTree = "<group>"; };
		3619DF4F29F9D86B00D08641 /* SettingsViewController.swift */ = {isa = PBXFileReference; lastKnownFileType = sourcecode.swift; path = SettingsViewController.swift; sourceTree = "<group>"; };
/* End PBXFileReference section */

/* Begin PBXFrameworksBuildPhase section */
		3619DF1429F8214B00D08641 /* Frameworks */ = {
			isa = PBXFrameworksBuildPhase;
			buildActionMask = 2147483647;
			files = (
			);
			runOnlyForDeploymentPostprocessing = 0;
		};
/* End PBXFrameworksBuildPhase section */

/* Begin PBXGroup section */
		3619DF0E29F8214B00D08641 = {
			isa = PBXGroup;
			children = (
				3619DF1929F8214B00D08641 /* MyPet */,
				3619DF1829F8214B00D08641 /* Products */,
			);
			sourceTree = "<group>";
		};
		3619DF1829F8214B00D08641 /* Products */ = {
			isa = PBXGroup;
			children = (
				3619DF1729F8214B00D08641 /* MyPet.app */,
			);
			name = Products;
			sourceTree = "<group>";
		};
		3619DF1929F8214B00D08641 /* MyPet */ = {
			isa = PBXGroup;
			children = (
				3619DF1A29F8214B00D08641 /* AppDelegate.swift */,
				3619DF1C29F8214B00D08641 /* SceneDelegate.swift */,
				3619DF3B29F995CF00D08641 /* Helpers */,
				3619DF3029F98E6C00D08641 /* Auth */,
				3619DF4829F9D77F00D08641 /* ViewControllers */,
				3619DF2329F8214C00D08641 /* Assets.xcassets */,
				3619DF2529F8214C00D08641 /* LaunchScreen.storyboard */,
				3619DF2829F8214C00D08641 /* Info.plist */,
			);
			path = MyPet;
			sourceTree = "<group>";
		};
		3619DF3029F98E6C00D08641 /* Auth */ = {
			isa = PBXGroup;
			children = (
				3619DF3329F98EB300D08641 /* Coordinator */,
				3619DF3429F98ED200D08641 /* Factory */,
				3619DF3829F98F3000D08641 /* ViewModel */,
				3619DF3529F98EDD00D08641 /* View */,
			);
			path = Auth;
			sourceTree = "<group>";
		};
		3619DF3329F98EB300D08641 /* Coordinator */ = {
			isa = PBXGroup;
			children = (
				3619DF3129F98E8F00D08641 /* AuthCoordinator.swift */,
			);
			path = Coordinator;
			sourceTree = "<group>";
		};
		3619DF3429F98ED200D08641 /* Factory */ = {
			isa = PBXGroup;
			children = (
				3619DF3629F98EFD00D08641 /* AuthFactory.swift */,
			);
			path = Factory;
			sourceTree = "<group>";
		};
		3619DF3529F98EDD00D08641 /* View */ = {
			isa = PBXGroup;
			children = (
				3619DF1E29F8214B00D08641 /* AuthViewController.swift */,
				3619DF2E29F98E1A00D08641 /* AuthView.swift */,
			);
			path = View;
			sourceTree = "<group>";
		};
		3619DF3829F98F3000D08641 /* ViewModel */ = {
			isa = PBXGroup;
			children = (
				3619DF3929F98F5B00D08641 /* AuthViewModel.swift */,
			);
			path = ViewModel;
			sourceTree = "<group>";
		};
		3619DF3B29F995CF00D08641 /* Helpers */ = {
			isa = PBXGroup;
			children = (
				3619DF3C29F995E600D08641 /* Ui */,
			);
			path = Helpers;
			sourceTree = "<group>";
		};
		3619DF3C29F995E600D08641 /* Ui */ = {
			isa = PBXGroup;
			children = (
				3619DF3D29F9960200D08641 /* CustomButton.swift */,
				3619DF4029F9962A00D08641 /* View.swift */,
				3619DF4429F9A82300D08641 /* StackView.swift */,
				3619DF4229F99FB200D08641 /* Colors.swift */,
			);
			path = Ui;
			sourceTree = "<group>";
		};
		3619DF4829F9D77F00D08641 /* ViewControllers */ = {
			isa = PBXGroup;
			children = (
				3619DF4929F9D7A500D08641 /* HomeViewController.swift */,
				3619DF4B29F9D81000D08641 /* ProfileViewController.swift */,
				3619DF4D29F9D83A00D08641 /* LikedViewController.swift */,
				3619DF4F29F9D86B00D08641 /* SettingsViewController.swift */,
			);
			path = ViewControllers;
			sourceTree = "<group>";
		};
/* End PBXGroup section */

/* Begin PBXNativeTarget section */
		3619DF1629F8214B00D08641 /* MyPet */ = {
			isa = PBXNativeTarget;
			buildConfigurationList = 3619DF2B29F8214C00D08641 /* Build configuration list for PBXNativeTarget "MyPet" */;
			buildPhases = (
				3619DF1329F8214B00D08641 /* Sources */,
				3619DF1429F8214B00D08641 /* Frameworks */,
				3619DF1529F8214B00D08641 /* Resources */,
			);
			buildRules = (
			);
			dependencies = (
			);
			name = MyPet;
			productName = MyPet;
			productReference = 3619DF1729F8214B00D08641 /* MyPet.app */;
			productType = "com.apple.product-type.application";
		};
/* End PBXNativeTarget section */

/* Begin PBXProject section */
		3619DF0F29F8214B00D08641 /* Project object */ = {
			isa = PBXProject;
			attributes = {
				BuildIndependentTargetsInParallel = 1;
				LastSwiftUpdateCheck = 1430;
				LastUpgradeCheck = 1430;
				TargetAttributes = {
					3619DF1629F8214B00D08641 = {
						CreatedOnToolsVersion = 14.3;
					};
				};
			};
			buildConfigurationList = 3619DF1229F8214B00D08641 /* Build configuration list for PBXProject "MyPet" */;
			compatibilityVersion = "Xcode 14.0";
			developmentRegion = en;
			hasScannedForEncodings = 0;
			knownRegions = (
				en,
				Base,
			);
			mainGroup = 3619DF0E29F8214B00D08641;
			productRefGroup = 3619DF1829F8214B00D08641 /* Products */;
			projectDirPath = "";
			projectRoot = "";
			targets = (
				3619DF1629F8214B00D08641 /* MyPet */,
			);
		};
/* End PBXProject section */

/* Begin PBXResourcesBuildPhase section */
		3619DF1529F8214B00D08641 /* Resources */ = {
			isa = PBXResourcesBuildPhase;
			buildActionMask = 2147483647;
			files = (
				3619DF2729F8214C00D08641 /* LaunchScreen.storyboard in Resources */,
				3619DF2429F8214C00D08641 /* Assets.xcassets in Resources */,
			);
			runOnlyForDeploymentPostprocessing = 0;
		};
/* End PBXResourcesBuildPhase section */

/* Begin PBXSourcesBuildPhase section */
		3619DF1329F8214B00D08641 /* Sources */ = {
			isa = PBXSourcesBuildPhase;
			buildActionMask = 2147483647;
			files = (
				3619DF3729F98EFD00D08641 /* AuthFactory.swift in Sources */,
				3619DF4529F9A82300D08641 /* StackView.swift in Sources */,
				3619DF4329F99FB200D08641 /* Colors.swift in Sources */,
				3619DF3229F98E8F00D08641 /* AuthCoordinator.swift in Sources */,
				3619DF4E29F9D83A00D08641 /* LikedViewController.swift in Sources */,
				3619DF4C29F9D81000D08641 /* ProfileViewController.swift in Sources */,
				3619DF1F29F8214B00D08641 /* AuthViewController.swift in Sources */,
				3619DF5029F9D86B00D08641 /* SettingsViewController.swift in Sources */,
				3619DF3A29F98F5B00D08641 /* AuthViewModel.swift in Sources */,
				3619DF3E29F9960200D08641 /* CustomButton.swift in Sources */,
				3619DF4129F9962A00D08641 /* View.swift in Sources */,
				3619DF1B29F8214B00D08641 /* AppDelegate.swift in Sources */,
				3619DF2F29F98E1A00D08641 /* AuthView.swift in Sources */,
				3619DF4A29F9D7A500D08641 /* HomeViewController.swift in Sources */,
				3619DF1D29F8214B00D08641 /* SceneDelegate.swift in Sources */,
			);
			runOnlyForDeploymentPostprocessing = 0;
		};
/* End PBXSourcesBuildPhase section */

/* Begin PBXVariantGroup section */
		3619DF2529F8214C00D08641 /* LaunchScreen.storyboard */ = {
			isa = PBXVariantGroup;
			children = (
				3619DF2629F8214C00D08641 /* Base */,
			);
			name = LaunchScreen.storyboard;
			sourceTree = "<group>";
		};
/* End PBXVariantGroup section */

/* Begin XCBuildConfiguration section */
		3619DF2929F8214C00D08641 /* Debug */ = {
			isa = XCBuildConfiguration;
			buildSettings = {
				ALWAYS_SEARCH_USER_PATHS = NO;
				CLANG_ANALYZER_NONNULL = YES;
				CLANG_ANALYZER_NUMBER_OBJECT_CONVERSION = YES_AGGRESSIVE;
				CLANG_CXX_LANGUAGE_STANDARD = "gnu++20";
				CLANG_ENABLE_MODULES = YES;
				CLANG_ENABLE_OBJC_ARC = YES;
				CLANG_ENABLE_OBJC_WEAK = YES;
				CLANG_WARN_BLOCK_CAPTURE_AUTORELEASING = YES;
				CLANG_WARN_BOOL_CONVERSION = YES;
				CLANG_WARN_COMMA = YES;
				CLANG_WARN_CONSTANT_CONVERSION = YES;
				CLANG_WARN_DEPRECATED_OBJC_IMPLEMENTATIONS = YES;
				CLANG_WARN_DIRECT_OBJC_ISA_USAGE = YES_ERROR;
				CLANG_WARN_DOCUMENTATION_COMMENTS = YES;
				CLANG_WARN_EMPTY_BODY = YES;
				CLANG_WARN_ENUM_CONVERSION = YES;
				CLANG_WARN_INFINITE_RECURSION = YES;
				CLANG_WARN_INT_CONVERSION = YES;
				CLANG_WARN_NON_LITERAL_NULL_CONVERSION = YES;
				CLANG_WARN_OBJC_IMPLICIT_RETAIN_SELF = YES;
				CLANG_WARN_OBJC_LITERAL_CONVERSION = YES;
				CLANG_WARN_OBJC_ROOT_CLASS = YES_ERROR;
				CLANG_WARN_QUOTED_INCLUDE_IN_FRAMEWORK_HEADER = YES;
				CLANG_WARN_RANGE_LOOP_ANALYSIS = YES;
				CLANG_WARN_STRICT_PROTOTYPES = YES;
				CLANG_WARN_SUSPICIOUS_MOVE = YES;
				CLANG_WARN_UNGUARDED_AVAILABILITY = YES_AGGRESSIVE;
				CLANG_WARN_UNREACHABLE_CODE = YES;
				CLANG_WARN__DUPLICATE_METHOD_MATCH = YES;
				COPY_PHASE_STRIP = NO;
				DEBUG_INFORMATION_FORMAT = dwarf;
				ENABLE_STRICT_OBJC_MSGSEND = YES;
				ENABLE_TESTABILITY = YES;
				GCC_C_LANGUAGE_STANDARD = gnu11;
				GCC_DYNAMIC_NO_PIC = NO;
				GCC_NO_COMMON_BLOCKS = YES;
				GCC_OPTIMIZATION_LEVEL = 0;
				GCC_PREPROCESSOR_DEFINITIONS = (
					"DEBUG=1",
					"$(inherited)",
				);
				GCC_WARN_64_TO_32_BIT_CONVERSION = YES;
				GCC_WARN_ABOUT_RETURN_TYPE = YES_ERROR;
				GCC_WARN_UNDECLARED_SELECTOR = YES;
				GCC_WARN_UNINITIALIZED_AUTOS = YES_AGGRESSIVE;
				GCC_WARN_UNUSED_FUNCTION = YES;
				GCC_WARN_UNUSED_VARIABLE = YES;
				IPHONEOS_DEPLOYMENT_TARGET = 16.4;
				MTL_ENABLE_DEBUG_INFO = INCLUDE_SOURCE;
				MTL_FAST_MATH = YES;
				ONLY_ACTIVE_ARCH = YES;
				SDKROOT = iphoneos;
				SWIFT_ACTIVE_COMPILATION_CONDITIONS = DEBUG;
				SWIFT_OPTIMIZATION_LEVEL = "-Onone";
			};
			name = Debug;
		};
		3619DF2A29F8214C00D08641 /* Release */ = {
			isa = XCBuildConfiguration;
			buildSettings = {
				ALWAYS_SEARCH_USER_PATHS = NO;
				CLANG_ANALYZER_NONNULL = YES;
				CLANG_ANALYZER_NUMBER_OBJECT_CONVERSION = YES_AGGRESSIVE;
				CLANG_CXX_LANGUAGE_STANDARD = "gnu++20";
				CLANG_ENABLE_MODULES = YES;
				CLANG_ENABLE_OBJC_ARC = YES;
				CLANG_ENABLE_OBJC_WEAK = YES;
				CLANG_WARN_BLOCK_CAPTURE_AUTORELEASING = YES;
				CLANG_WARN_BOOL_CONVERSION = YES;
				CLANG_WARN_COMMA = YES;
				CLANG_WARN_CONSTANT_CONVERSION = YES;
				CLANG_WARN_DEPRECATED_OBJC_IMPLEMENTATIONS = YES;
				CLANG_WARN_DIRECT_OBJC_ISA_USAGE = YES_ERROR;
				CLANG_WARN_DOCUMENTATION_COMMENTS = YES;
				CLANG_WARN_EMPTY_BODY = YES;
				CLANG_WARN_ENUM_CONVERSION = YES;
				CLANG_WARN_INFINITE_RECURSION = YES;
				CLANG_WARN_INT_CONVERSION = YES;
				CLANG_WARN_NON_LITERAL_NULL_CONVERSION = YES;
				CLANG_WARN_OBJC_IMPLICIT_RETAIN_SELF = YES;
				CLANG_WARN_OBJC_LITERAL_CONVERSION = YES;
				CLANG_WARN_OBJC_ROOT_CLASS = YES_ERROR;
				CLANG_WARN_QUOTED_INCLUDE_IN_FRAMEWORK_HEADER = YES;
				CLANG_WARN_RANGE_LOOP_ANALYSIS = YES;
				CLANG_WARN_STRICT_PROTOTYPES = YES;
				CLANG_WARN_SUSPICIOUS_MOVE = YES;
				CLANG_WARN_UNGUARDED_AVAILABILITY = YES_AGGRESSIVE;
				CLANG_WARN_UNREACHABLE_CODE = YES;
				CLANG_WARN__DUPLICATE_METHOD_MATCH = YES;
				COPY_PHASE_STRIP = NO;
				DEBUG_INFORMATION_FORMAT = "dwarf-with-dsym";
				ENABLE_NS_ASSERTIONS = NO;
				ENABLE_STRICT_OBJC_MSGSEND = YES;
				GCC_C_LANGUAGE_STANDARD = gnu11;
				GCC_NO_COMMON_BLOCKS = YES;
				GCC_WARN_64_TO_32_BIT_CONVERSION = YES;
				GCC_WARN_ABOUT_RETURN_TYPE = YES_ERROR;
				GCC_WARN_UNDECLARED_SELECTOR = YES;
				GCC_WARN_UNINITIALIZED_AUTOS = YES_AGGRESSIVE;
				GCC_WARN_UNUSED_FUNCTION = YES;
				GCC_WARN_UNUSED_VARIABLE = YES;
				IPHONEOS_DEPLOYMENT_TARGET = 16.4;
				MTL_ENABLE_DEBUG_INFO = NO;
				MTL_FAST_MATH = YES;
				SDKROOT = iphoneos;
				SWIFT_COMPILATION_MODE = wholemodule;
				SWIFT_OPTIMIZATION_LEVEL = "-O";
				VALIDATE_PRODUCT = YES;
			};
			name = Release;
		};
		3619DF2C29F8214C00D08641 /* Debug */ = {
			isa = XCBuildConfiguration;
			buildSettings = {
				ASSETCATALOG_COMPILER_APPICON_NAME = AppIcon;
				ASSETCATALOG_COMPILER_GLOBAL_ACCENT_COLOR_NAME = AccentColor;
				CODE_SIGN_STYLE = Automatic;
				CURRENT_PROJECT_VERSION = 1;
				DEVELOPMENT_TEAM = N4Z8VJLZRX;
				GENERATE_INFOPLIST_FILE = YES;
				INFOPLIST_FILE = MyPet/Info.plist;
				INFOPLIST_KEY_UIApplicationSupportsIndirectInputEvents = YES;
				INFOPLIST_KEY_UILaunchStoryboardName = LaunchScreen;
				INFOPLIST_KEY_UISupportedInterfaceOrientations = UIInterfaceOrientationPortrait;
				INFOPLIST_KEY_UISupportedInterfaceOrientations_iPad = "UIInterfaceOrientationPortrait UIInterfaceOrientationPortraitUpsideDown";
				IPHONEOS_DEPLOYMENT_TARGET = 14.0;
				LD_RUNPATH_SEARCH_PATHS = (
					"$(inherited)",
					"@executable_path/Frameworks",
				);
				MARKETING_VERSION = 1.0;
				PRODUCT_BUNDLE_IDENTIFIER = "-.MyPet";
				PRODUCT_NAME = "$(TARGET_NAME)";
				SWIFT_EMIT_LOC_STRINGS = YES;
				SWIFT_VERSION = 5.0;
				TARGETED_DEVICE_FAMILY = "1,2";
			};
			name = Debug;
		};
		3619DF2D29F8214C00D08641 /* Release */ = {
			isa = XCBuildConfiguration;
			buildSettings = {
				ASSETCATALOG_COMPILER_APPICON_NAME = AppIcon;
				ASSETCATALOG_COMPILER_GLOBAL_ACCENT_COLOR_NAME = AccentColor;
				CODE_SIGN_STYLE = Automatic;
				CURRENT_PROJECT_VERSION = 1;
				DEVELOPMENT_TEAM = N4Z8VJLZRX;
				GENERATE_INFOPLIST_FILE = YES;
				INFOPLIST_FILE = MyPet/Info.plist;
				INFOPLIST_KEY_UIApplicationSupportsIndirectInputEvents = YES;
				INFOPLIST_KEY_UILaunchStoryboardName = LaunchScreen;
				INFOPLIST_KEY_UISupportedInterfaceOrientations = UIInterfaceOrientationPortrait;
				INFOPLIST_KEY_UISupportedInterfaceOrientations_iPad = "UIInterfaceOrientationPortrait UIInterfaceOrientationPortraitUpsideDown";
				IPHONEOS_DEPLOYMENT_TARGET = 14.0;
				LD_RUNPATH_SEARCH_PATHS = (
					"$(inherited)",
					"@executable_path/Frameworks",
				);
				MARKETING_VERSION = 1.0;
				PRODUCT_BUNDLE_IDENTIFIER = "-.MyPet";
				PRODUCT_NAME = "$(TARGET_NAME)";
				SWIFT_EMIT_LOC_STRINGS = YES;
				SWIFT_VERSION = 5.0;
				TARGETED_DEVICE_FAMILY = "1,2";
			};
			name = Release;
		};
/* End XCBuildConfiguration section */

/* Begin XCConfigurationList section */
		3619DF1229F8214B00D08641 /* Build configuration list for PBXProject "MyPet" */ = {
			isa = XCConfigurationList;
			buildConfigurations = (
				3619DF2929F8214C00D08641 /* Debug */,
				3619DF2A29F8214C00D08641 /* Release */,
			);
			defaultConfigurationIsVisible = 0;
			defaultConfigurationName = Release;
		};
		3619DF2B29F8214C00D08641 /* Build configuration list for PBXNativeTarget "MyPet" */ = {
			isa = XCConfigurationList;
			buildConfigurations = (
				3619DF2C29F8214C00D08641 /* Debug */,
				3619DF2D29F8214C00D08641 /* Release */,
			);
			defaultConfigurationIsVisible = 0;
			defaultConfigurationName = Release;
		};
/* End XCConfigurationList section */
	};
	rootObject = 3619DF0F29F8214B00D08641 /* Project object */;
}
